// !$*UTF8*$!
{
	archiveVersion = 1;
	classes = {
	};
	objectVersion = 46;
	objects = {

/* Begin PBXBuildFile section */
		702D2ED31B604C62007BDC93 /* EmptyCollection.swift in Sources */ = {isa = PBXBuildFile; fileRef = 702D2ED21B604C62007BDC93 /* EmptyCollection.swift */; };
		702D2ED41B604C62007BDC93 /* EmptyCollection.swift in Sources */ = {isa = PBXBuildFile; fileRef = 702D2ED21B604C62007BDC93 /* EmptyCollection.swift */; };
		7037D0451B403AB500FA04C6 /* SwiftSequence.h in Headers */ = {isa = PBXBuildFile; fileRef = 7037D0441B403AB500FA04C6 /* SwiftSequence.h */; settings = {ATTRIBUTES = (Public, ); }; };
		7037D04C1B403AB500FA04C6 /* SwiftSequence.framework in Frameworks */ = {isa = PBXBuildFile; fileRef = 7037D0411B403AB500FA04C6 /* SwiftSequence.framework */; };
		7037D0511B403AB500FA04C6 /* SwiftSequenceTests.swift in Sources */ = {isa = PBXBuildFile; fileRef = 7037D0501B403AB500FA04C6 /* SwiftSequenceTests.swift */; };
		7037D06D1B403AC800FA04C6 /* ChunkWindowSplit.swift in Sources */ = {isa = PBXBuildFile; fileRef = 7037D05C1B403AC800FA04C6 /* ChunkWindowSplit.swift */; };
		7037D06E1B403AC800FA04C6 /* ChunkWindowSplit.swift in Sources */ = {isa = PBXBuildFile; fileRef = 7037D05C1B403AC800FA04C6 /* ChunkWindowSplit.swift */; };
		7037D06F1B403AC800FA04C6 /* Combinations.swift in Sources */ = {isa = PBXBuildFile; fileRef = 7037D05D1B403AC800FA04C6 /* Combinations.swift */; };
		7037D0701B403AC800FA04C6 /* Combinations.swift in Sources */ = {isa = PBXBuildFile; fileRef = 7037D05D1B403AC800FA04C6 /* Combinations.swift */; };
		7037D0711B403AC800FA04C6 /* Cycle.swift in Sources */ = {isa = PBXBuildFile; fileRef = 7037D05E1B403AC800FA04C6 /* Cycle.swift */; };
		7037D0721B403AC800FA04C6 /* Cycle.swift in Sources */ = {isa = PBXBuildFile; fileRef = 7037D05E1B403AC800FA04C6 /* Cycle.swift */; };
		7037D0731B403AC800FA04C6 /* Enumerate.swift in Sources */ = {isa = PBXBuildFile; fileRef = 7037D05F1B403AC800FA04C6 /* Enumerate.swift */; };
		7037D0741B403AC800FA04C6 /* Enumerate.swift in Sources */ = {isa = PBXBuildFile; fileRef = 7037D05F1B403AC800FA04C6 /* Enumerate.swift */; };
		7037D0751B403AC800FA04C6 /* Finding.swift in Sources */ = {isa = PBXBuildFile; fileRef = 7037D0601B403AC800FA04C6 /* Finding.swift */; };
		7037D0761B403AC800FA04C6 /* Finding.swift in Sources */ = {isa = PBXBuildFile; fileRef = 7037D0601B403AC800FA04C6 /* Finding.swift */; };
		7037D0771B403AC800FA04C6 /* FlatMap.swift in Sources */ = {isa = PBXBuildFile; fileRef = 7037D0611B403AC800FA04C6 /* FlatMap.swift */; };
		7037D0781B403AC800FA04C6 /* FlatMap.swift in Sources */ = {isa = PBXBuildFile; fileRef = 7037D0611B403AC800FA04C6 /* FlatMap.swift */; };
		7037D0791B403AC800FA04C6 /* GenericGenerators.swift in Sources */ = {isa = PBXBuildFile; fileRef = 7037D0621B403AC800FA04C6 /* GenericGenerators.swift */; };
		7037D07A1B403AC800FA04C6 /* GenericGenerators.swift in Sources */ = {isa = PBXBuildFile; fileRef = 7037D0621B403AC800FA04C6 /* GenericGenerators.swift */; };
		7037D07B1B403AC800FA04C6 /* HopJump.swift in Sources */ = {isa = PBXBuildFile; fileRef = 7037D0631B403AC800FA04C6 /* HopJump.swift */; };
		7037D07C1B403AC800FA04C6 /* HopJump.swift in Sources */ = {isa = PBXBuildFile; fileRef = 7037D0631B403AC800FA04C6 /* HopJump.swift */; };
		7037D07D1B403AC800FA04C6 /* Interpose.swift in Sources */ = {isa = PBXBuildFile; fileRef = 7037D0641B403AC800FA04C6 /* Interpose.swift */; };
		7037D07E1B403AC800FA04C6 /* Interpose.swift in Sources */ = {isa = PBXBuildFile; fileRef = 7037D0641B403AC800FA04C6 /* Interpose.swift */; };
		7037D07F1B403AC800FA04C6 /* LazySeq.swift in Sources */ = {isa = PBXBuildFile; fileRef = 7037D0651B403AC800FA04C6 /* LazySeq.swift */; };
		7037D0801B403AC800FA04C6 /* LazySeq.swift in Sources */ = {isa = PBXBuildFile; fileRef = 7037D0651B403AC800FA04C6 /* LazySeq.swift */; };
		7037D0811B403AC800FA04C6 /* NestedSequences.swift in Sources */ = {isa = PBXBuildFile; fileRef = 7037D0661B403AC800FA04C6 /* NestedSequences.swift */; };
		7037D0821B403AC800FA04C6 /* NestedSequences.swift in Sources */ = {isa = PBXBuildFile; fileRef = 7037D0661B403AC800FA04C6 /* NestedSequences.swift */; };
		7037D0831B403AC800FA04C6 /* Permutations.swift in Sources */ = {isa = PBXBuildFile; fileRef = 7037D0671B403AC800FA04C6 /* Permutations.swift */; };
		7037D0841B403AC800FA04C6 /* Permutations.swift in Sources */ = {isa = PBXBuildFile; fileRef = 7037D0671B403AC800FA04C6 /* Permutations.swift */; };
		7037D0851B403AC800FA04C6 /* ScanReduce.swift in Sources */ = {isa = PBXBuildFile; fileRef = 7037D0681B403AC800FA04C6 /* ScanReduce.swift */; };
		7037D0861B403AC800FA04C6 /* ScanReduce.swift in Sources */ = {isa = PBXBuildFile; fileRef = 7037D0681B403AC800FA04C6 /* ScanReduce.swift */; };
		7037D0871B403AC800FA04C6 /* TakeDrop.swift in Sources */ = {isa = PBXBuildFile; fileRef = 7037D0691B403AC800FA04C6 /* TakeDrop.swift */; };
		7037D0881B403AC800FA04C6 /* TakeDrop.swift in Sources */ = {isa = PBXBuildFile; fileRef = 7037D0691B403AC800FA04C6 /* TakeDrop.swift */; };
		7037D0891B403AC800FA04C6 /* Zip.swift in Sources */ = {isa = PBXBuildFile; fileRef = 7037D06A1B403AC800FA04C6 /* Zip.swift */; };
		7037D08A1B403AC800FA04C6 /* Zip.swift in Sources */ = {isa = PBXBuildFile; fileRef = 7037D06A1B403AC800FA04C6 /* Zip.swift */; };
		7037D08D1B40437100FA04C6 /* Categorise.swift in Sources */ = {isa = PBXBuildFile; fileRef = 7037D08C1B40437100FA04C6 /* Categorise.swift */; };
		7037D08E1B40437F00FA04C6 /* Categorise.swift in Sources */ = {isa = PBXBuildFile; fileRef = 7037D08C1B40437100FA04C6 /* Categorise.swift */; };
		7063A6E11B612C7F004B137F /* Deque.swift in Sources */ = {isa = PBXBuildFile; fileRef = 7063A6E01B612C7F004B137F /* Deque.swift */; };
		7063A6E21B612C7F004B137F /* Deque.swift in Sources */ = {isa = PBXBuildFile; fileRef = 7063A6E01B612C7F004B137F /* Deque.swift */; };
		7074F13C1B5F025400E046B2 /* List.swift in Sources */ = {isa = PBXBuildFile; fileRef = 7074F13B1B5F025400E046B2 /* List.swift */; };
		7074F13D1B5FAA9800E046B2 /* List.swift in Sources */ = {isa = PBXBuildFile; fileRef = 7074F13B1B5F025400E046B2 /* List.swift */; };
		7074F13F1B5FC12700E046B2 /* LazyList.swift in Sources */ = {isa = PBXBuildFile; fileRef = 7074F13E1B5FC12700E046B2 /* LazyList.swift */; };
		7074F1401B5FC2FE00E046B2 /* LazyList.swift in Sources */ = {isa = PBXBuildFile; fileRef = 7074F13E1B5FC12700E046B2 /* LazyList.swift */; };
/* End PBXBuildFile section */

/* Begin PBXContainerItemProxy section */
		7037D04D1B403AB500FA04C6 /* PBXContainerItemProxy */ = {
			isa = PBXContainerItemProxy;
			containerPortal = 7037D0381B403AB400FA04C6 /* Project object */;
			proxyType = 1;
			remoteGlobalIDString = 7037D0401B403AB400FA04C6;
			remoteInfo = SwiftSequence;
		};
/* End PBXContainerItemProxy section */

/* Begin PBXFileReference section */
		702D2ED21B604C62007BDC93 /* EmptyCollection.swift */ = {isa = PBXFileReference; fileEncoding = 4; lastKnownFileType = sourcecode.swift; path = EmptyCollection.swift; sourceTree = "<group>"; };
		7037D0411B403AB500FA04C6 /* SwiftSequence.framework */ = {isa = PBXFileReference; explicitFileType = wrapper.framework; includeInIndex = 0; path = SwiftSequence.framework; sourceTree = BUILT_PRODUCTS_DIR; };
		7037D0441B403AB500FA04C6 /* SwiftSequence.h */ = {isa = PBXFileReference; lastKnownFileType = sourcecode.c.h; path = SwiftSequence.h; sourceTree = "<group>"; };
		7037D0461B403AB500FA04C6 /* Info.plist */ = {isa = PBXFileReference; lastKnownFileType = text.plist.xml; path = Info.plist; sourceTree = "<group>"; };
		7037D04B1B403AB500FA04C6 /* SwiftSequenceTests.xctest */ = {isa = PBXFileReference; explicitFileType = wrapper.cfbundle; includeInIndex = 0; path = SwiftSequenceTests.xctest; sourceTree = BUILT_PRODUCTS_DIR; };
		7037D0501B403AB500FA04C6 /* SwiftSequenceTests.swift */ = {isa = PBXFileReference; lastKnownFileType = sourcecode.swift; path = SwiftSequenceTests.swift; sourceTree = "<group>"; };
		7037D0521B403AB500FA04C6 /* Info.plist */ = {isa = PBXFileReference; lastKnownFileType = text.plist.xml; path = Info.plist; sourceTree = "<group>"; };
		7037D05C1B403AC800FA04C6 /* ChunkWindowSplit.swift */ = {isa = PBXFileReference; fileEncoding = 4; lastKnownFileType = sourcecode.swift; path = ChunkWindowSplit.swift; sourceTree = "<group>"; };
		7037D05D1B403AC800FA04C6 /* Combinations.swift */ = {isa = PBXFileReference; fileEncoding = 4; lastKnownFileType = sourcecode.swift; path = Combinations.swift; sourceTree = "<group>"; };
		7037D05E1B403AC800FA04C6 /* Cycle.swift */ = {isa = PBXFileReference; fileEncoding = 4; lastKnownFileType = sourcecode.swift; path = Cycle.swift; sourceTree = "<group>"; };
		7037D05F1B403AC800FA04C6 /* Enumerate.swift */ = {isa = PBXFileReference; fileEncoding = 4; lastKnownFileType = sourcecode.swift; path = Enumerate.swift; sourceTree = "<group>"; };
		7037D0601B403AC800FA04C6 /* Finding.swift */ = {isa = PBXFileReference; fileEncoding = 4; lastKnownFileType = sourcecode.swift; path = Finding.swift; sourceTree = "<group>"; };
		7037D0611B403AC800FA04C6 /* FlatMap.swift */ = {isa = PBXFileReference; fileEncoding = 4; lastKnownFileType = sourcecode.swift; path = FlatMap.swift; sourceTree = "<group>"; };
		7037D0621B403AC800FA04C6 /* GenericGenerators.swift */ = {isa = PBXFileReference; fileEncoding = 4; lastKnownFileType = sourcecode.swift; path = GenericGenerators.swift; sourceTree = "<group>"; };
		7037D0631B403AC800FA04C6 /* HopJump.swift */ = {isa = PBXFileReference; fileEncoding = 4; lastKnownFileType = sourcecode.swift; path = HopJump.swift; sourceTree = "<group>"; };
		7037D0641B403AC800FA04C6 /* Interpose.swift */ = {isa = PBXFileReference; fileEncoding = 4; lastKnownFileType = sourcecode.swift; path = Interpose.swift; sourceTree = "<group>"; };
		7037D0651B403AC800FA04C6 /* LazySeq.swift */ = {isa = PBXFileReference; fileEncoding = 4; lastKnownFileType = sourcecode.swift; path = LazySeq.swift; sourceTree = "<group>"; };
		7037D0661B403AC800FA04C6 /* NestedSequences.swift */ = {isa = PBXFileReference; fileEncoding = 4; lastKnownFileType = sourcecode.swift; path = NestedSequences.swift; sourceTree = "<group>"; };
		7037D0671B403AC800FA04C6 /* Permutations.swift */ = {isa = PBXFileReference; fileEncoding = 4; lastKnownFileType = sourcecode.swift; path = Permutations.swift; sourceTree = "<group>"; };
		7037D0681B403AC800FA04C6 /* ScanReduce.swift */ = {isa = PBXFileReference; fileEncoding = 4; lastKnownFileType = sourcecode.swift; path = ScanReduce.swift; sourceTree = "<group>"; };
		7037D0691B403AC800FA04C6 /* TakeDrop.swift */ = {isa = PBXFileReference; fileEncoding = 4; lastKnownFileType = sourcecode.swift; path = TakeDrop.swift; sourceTree = "<group>"; };
		7037D06A1B403AC800FA04C6 /* Zip.swift */ = {isa = PBXFileReference; fileEncoding = 4; lastKnownFileType = sourcecode.swift; path = Zip.swift; sourceTree = "<group>"; };
		7037D08C1B40437100FA04C6 /* Categorise.swift */ = {isa = PBXFileReference; fileEncoding = 4; lastKnownFileType = sourcecode.swift; path = Categorise.swift; sourceTree = "<group>"; };
		7063A6E01B612C7F004B137F /* Deque.swift */ = {isa = PBXFileReference; fileEncoding = 4; lastKnownFileType = sourcecode.swift; path = Deque.swift; sourceTree = "<group>"; };
		7074F13B1B5F025400E046B2 /* List.swift */ = {isa = PBXFileReference; fileEncoding = 4; lastKnownFileType = sourcecode.swift; path = List.swift; sourceTree = "<group>"; };
		7074F13E1B5FC12700E046B2 /* LazyList.swift */ = {isa = PBXFileReference; fileEncoding = 4; lastKnownFileType = sourcecode.swift; path = LazyList.swift; sourceTree = "<group>"; };
/* End PBXFileReference section */

/* Begin PBXFrameworksBuildPhase section */
		7037D03D1B403AB400FA04C6 /* Frameworks */ = {
			isa = PBXFrameworksBuildPhase;
			buildActionMask = 2147483647;
			files = (
			);
			runOnlyForDeploymentPostprocessing = 0;
		};
		7037D0481B403AB500FA04C6 /* Frameworks */ = {
			isa = PBXFrameworksBuildPhase;
			buildActionMask = 2147483647;
			files = (
				7037D04C1B403AB500FA04C6 /* SwiftSequence.framework in Frameworks */,
			);
			runOnlyForDeploymentPostprocessing = 0;
		};
/* End PBXFrameworksBuildPhase section */

/* Begin PBXGroup section */
		7037D0371B403AB400FA04C6 = {
			isa = PBXGroup;
			children = (
				7037D0431B403AB500FA04C6 /* SwiftSequence */,
				7037D04F1B403AB500FA04C6 /* SwiftSequenceTests */,
				7037D0421B403AB500FA04C6 /* Products */,
			);
			sourceTree = "<group>";
		};
		7037D0421B403AB500FA04C6 /* Products */ = {
			isa = PBXGroup;
			children = (
				7037D0411B403AB500FA04C6 /* SwiftSequence.framework */,
				7037D04B1B403AB500FA04C6 /* SwiftSequenceTests.xctest */,
			);
			name = Products;
			sourceTree = "<group>";
		};
		7037D0431B403AB500FA04C6 /* SwiftSequence */ = {
			isa = PBXGroup;
			children = (
				7037D08C1B40437100FA04C6 /* Categorise.swift */,
				7063A6E01B612C7F004B137F /* Deque.swift */,
				7074F13B1B5F025400E046B2 /* List.swift */,
				7074F13E1B5FC12700E046B2 /* LazyList.swift */,
				702D2ED21B604C62007BDC93 /* EmptyCollection.swift */,
				7037D05C1B403AC800FA04C6 /* ChunkWindowSplit.swift */,
				7037D05D1B403AC800FA04C6 /* Combinations.swift */,
				7037D05E1B403AC800FA04C6 /* Cycle.swift */,
				7037D05F1B403AC800FA04C6 /* Enumerate.swift */,
				7037D0601B403AC800FA04C6 /* Finding.swift */,
				7037D0611B403AC800FA04C6 /* FlatMap.swift */,
				7037D0621B403AC800FA04C6 /* GenericGenerators.swift */,
				7037D0631B403AC800FA04C6 /* HopJump.swift */,
				7037D0641B403AC800FA04C6 /* Interpose.swift */,
				7037D0651B403AC800FA04C6 /* LazySeq.swift */,
				7037D0661B403AC800FA04C6 /* NestedSequences.swift */,
				7037D0671B403AC800FA04C6 /* Permutations.swift */,
				7037D0681B403AC800FA04C6 /* ScanReduce.swift */,
				7037D0691B403AC800FA04C6 /* TakeDrop.swift */,
				7037D06A1B403AC800FA04C6 /* Zip.swift */,
				7037D0441B403AB500FA04C6 /* SwiftSequence.h */,
				7037D0461B403AB500FA04C6 /* Info.plist */,
			);
			path = SwiftSequence;
			sourceTree = "<group>";
		};
		7037D04F1B403AB500FA04C6 /* SwiftSequenceTests */ = {
			isa = PBXGroup;
			children = (
				7037D0501B403AB500FA04C6 /* SwiftSequenceTests.swift */,
				7037D0521B403AB500FA04C6 /* Info.plist */,
			);
			path = SwiftSequenceTests;
			sourceTree = "<group>";
		};
/* End PBXGroup section */

/* Begin PBXHeadersBuildPhase section */
		7037D03E1B403AB400FA04C6 /* Headers */ = {
			isa = PBXHeadersBuildPhase;
			buildActionMask = 2147483647;
			files = (
				7037D0451B403AB500FA04C6 /* SwiftSequence.h in Headers */,
			);
			runOnlyForDeploymentPostprocessing = 0;
		};
/* End PBXHeadersBuildPhase section */

/* Begin PBXNativeTarget section */
		7037D0401B403AB400FA04C6 /* SwiftSequence */ = {
			isa = PBXNativeTarget;
			buildConfigurationList = 7037D0551B403AB500FA04C6 /* Build configuration list for PBXNativeTarget "SwiftSequence" */;
			buildPhases = (
				7037D03C1B403AB400FA04C6 /* Sources */,
				7037D03D1B403AB400FA04C6 /* Frameworks */,
				7037D03E1B403AB400FA04C6 /* Headers */,
				7037D03F1B403AB400FA04C6 /* Resources */,
			);
			buildRules = (
			);
			dependencies = (
			);
			name = SwiftSequence;
			productName = SwiftSequence;
			productReference = 7037D0411B403AB500FA04C6 /* SwiftSequence.framework */;
			productType = "com.apple.product-type.framework";
		};
		7037D04A1B403AB500FA04C6 /* SwiftSequenceTests */ = {
			isa = PBXNativeTarget;
			buildConfigurationList = 7037D0581B403AB500FA04C6 /* Build configuration list for PBXNativeTarget "SwiftSequenceTests" */;
			buildPhases = (
				7037D0471B403AB500FA04C6 /* Sources */,
				7037D0481B403AB500FA04C6 /* Frameworks */,
				7037D0491B403AB500FA04C6 /* Resources */,
			);
			buildRules = (
			);
			dependencies = (
				7037D04E1B403AB500FA04C6 /* PBXTargetDependency */,
			);
			name = SwiftSequenceTests;
			productName = SwiftSequenceTests;
			productReference = 7037D04B1B403AB500FA04C6 /* SwiftSequenceTests.xctest */;
			productType = "com.apple.product-type.bundle.unit-test";
		};
/* End PBXNativeTarget section */

/* Begin PBXProject section */
		7037D0381B403AB400FA04C6 /* Project object */ = {
			isa = PBXProject;
			attributes = {
				LastSwiftUpdateCheck = 0700;
				LastUpgradeCheck = 0700;
				ORGANIZATIONNAME = "Donnacha Oisín Kidney";
				TargetAttributes = {
					7037D0401B403AB400FA04C6 = {
						CreatedOnToolsVersion = 7.0;
					};
					7037D04A1B403AB500FA04C6 = {
						CreatedOnToolsVersion = 7.0;
					};
				};
			};
			buildConfigurationList = 7037D03B1B403AB400FA04C6 /* Build configuration list for PBXProject "SwiftSequence" */;
			compatibilityVersion = "Xcode 3.2";
			developmentRegion = English;
			hasScannedForEncodings = 0;
			knownRegions = (
				en,
			);
			mainGroup = 7037D0371B403AB400FA04C6;
			productRefGroup = 7037D0421B403AB500FA04C6 /* Products */;
			projectDirPath = "";
			projectRoot = "";
			targets = (
				7037D0401B403AB400FA04C6 /* SwiftSequence */,
				7037D04A1B403AB500FA04C6 /* SwiftSequenceTests */,
			);
		};
/* End PBXProject section */

/* Begin PBXResourcesBuildPhase section */
		7037D03F1B403AB400FA04C6 /* Resources */ = {
			isa = PBXResourcesBuildPhase;
			buildActionMask = 2147483647;
			files = (
			);
			runOnlyForDeploymentPostprocessing = 0;
		};
		7037D0491B403AB500FA04C6 /* Resources */ = {
			isa = PBXResourcesBuildPhase;
			buildActionMask = 2147483647;
			files = (
			);
			runOnlyForDeploymentPostprocessing = 0;
		};
/* End PBXResourcesBuildPhase section */

/* Begin PBXSourcesBuildPhase section */
		7037D03C1B403AB400FA04C6 /* Sources */ = {
			isa = PBXSourcesBuildPhase;
			buildActionMask = 2147483647;
			files = (
				7037D0851B403AC800FA04C6 /* ScanReduce.swift in Sources */,
				7037D06D1B403AC800FA04C6 /* ChunkWindowSplit.swift in Sources */,
				7037D07D1B403AC800FA04C6 /* Interpose.swift in Sources */,
				7037D0871B403AC800FA04C6 /* TakeDrop.swift in Sources */,
				7074F13C1B5F025400E046B2 /* List.swift in Sources */,
				702D2ED31B604C62007BDC93 /* EmptyCollection.swift in Sources */,
				7037D0831B403AC800FA04C6 /* Permutations.swift in Sources */,
				7037D0791B403AC800FA04C6 /* GenericGenerators.swift in Sources */,
				7037D0811B403AC800FA04C6 /* NestedSequences.swift in Sources */,
				7037D0891B403AC800FA04C6 /* Zip.swift in Sources */,
				7074F13F1B5FC12700E046B2 /* LazyList.swift in Sources */,
				7037D0771B403AC800FA04C6 /* FlatMap.swift in Sources */,
				7037D07F1B403AC800FA04C6 /* LazySeq.swift in Sources */,
				7037D0751B403AC800FA04C6 /* Finding.swift in Sources */,
				7037D07B1B403AC800FA04C6 /* HopJump.swift in Sources */,
				7037D08D1B40437100FA04C6 /* Categorise.swift in Sources */,
				7037D0711B403AC800FA04C6 /* Cycle.swift in Sources */,
				7037D0731B403AC800FA04C6 /* Enumerate.swift in Sources */,
				7063A6E11B612C7F004B137F /* Deque.swift in Sources */,
				7037D06F1B403AC800FA04C6 /* Combinations.swift in Sources */,
			);
			runOnlyForDeploymentPostprocessing = 0;
		};
		7037D0471B403AB500FA04C6 /* Sources */ = {
			isa = PBXSourcesBuildPhase;
			buildActionMask = 2147483647;
			files = (
				7037D0511B403AB500FA04C6 /* SwiftSequenceTests.swift in Sources */,
				7037D07C1B403AC800FA04C6 /* HopJump.swift in Sources */,
				7037D0721B403AC800FA04C6 /* Cycle.swift in Sources */,
				702D2ED41B604C62007BDC93 /* EmptyCollection.swift in Sources */,
				7037D0881B403AC800FA04C6 /* TakeDrop.swift in Sources */,
				7037D06E1B403AC800FA04C6 /* ChunkWindowSplit.swift in Sources */,
				7037D0861B403AC800FA04C6 /* ScanReduce.swift in Sources */,
				7037D0821B403AC800FA04C6 /* NestedSequences.swift in Sources */,
				7063A6E21B612C7F004B137F /* Deque.swift in Sources */,
				7037D07A1B403AC800FA04C6 /* GenericGenerators.swift in Sources */,
				7037D0741B403AC800FA04C6 /* Enumerate.swift in Sources */,
				7037D0781B403AC800FA04C6 /* FlatMap.swift in Sources */,
				7037D0701B403AC800FA04C6 /* Combinations.swift in Sources */,
				7037D0801B403AC800FA04C6 /* LazySeq.swift in Sources */,
				7037D08E1B40437F00FA04C6 /* Categorise.swift in Sources */,
				7037D07E1B403AC800FA04C6 /* Interpose.swift in Sources */,
				7074F1401B5FC2FE00E046B2 /* LazyList.swift in Sources */,
				7037D0841B403AC800FA04C6 /* Permutations.swift in Sources */,
				7037D0761B403AC800FA04C6 /* Finding.swift in Sources */,
				7037D08A1B403AC800FA04C6 /* Zip.swift in Sources */,
				7074F13D1B5FAA9800E046B2 /* List.swift in Sources */,
			);
			runOnlyForDeploymentPostprocessing = 0;
		};
/* End PBXSourcesBuildPhase section */

/* Begin PBXTargetDependency section */
		7037D04E1B403AB500FA04C6 /* PBXTargetDependency */ = {
			isa = PBXTargetDependency;
			target = 7037D0401B403AB400FA04C6 /* SwiftSequence */;
			targetProxy = 7037D04D1B403AB500FA04C6 /* PBXContainerItemProxy */;
		};
/* End PBXTargetDependency section */

/* Begin XCBuildConfiguration section */
		7037D0531B403AB500FA04C6 /* Debug */ = {
			isa = XCBuildConfiguration;
			buildSettings = {
				ALWAYS_SEARCH_USER_PATHS = NO;
				CLANG_CXX_LANGUAGE_STANDARD = "gnu++0x";
				CLANG_CXX_LIBRARY = "libc++";
				CLANG_ENABLE_MODULES = YES;
				CLANG_ENABLE_OBJC_ARC = YES;
				CLANG_WARN_BOOL_CONVERSION = YES;
				CLANG_WARN_CONSTANT_CONVERSION = YES;
				CLANG_WARN_DIRECT_OBJC_ISA_USAGE = YES_ERROR;
				CLANG_WARN_EMPTY_BODY = YES;
				CLANG_WARN_ENUM_CONVERSION = YES;
				CLANG_WARN_INT_CONVERSION = YES;
				CLANG_WARN_OBJC_ROOT_CLASS = YES_ERROR;
				CLANG_WARN_UNREACHABLE_CODE = YES;
				CLANG_WARN__DUPLICATE_METHOD_MATCH = YES;
				COPY_PHASE_STRIP = NO;
				CURRENT_PROJECT_VERSION = 1;
				DEBUG_INFORMATION_FORMAT = dwarf;
				ENABLE_STRICT_OBJC_MSGSEND = YES;
				ENABLE_TESTABILITY = YES;
				GCC_C_LANGUAGE_STANDARD = gnu99;
				GCC_DYNAMIC_NO_PIC = NO;
				GCC_NO_COMMON_BLOCKS = YES;
				GCC_OPTIMIZATION_LEVEL = 0;
				GCC_PREPROCESSOR_DEFINITIONS = (
					"DEBUG=1",
					"$(inherited)",
				);
				GCC_WARN_64_TO_32_BIT_CONVERSION = YES;
				GCC_WARN_ABOUT_RETURN_TYPE = YES_ERROR;
				GCC_WARN_UNDECLARED_SELECTOR = YES;
				GCC_WARN_UNINITIALIZED_AUTOS = YES_AGGRESSIVE;
				GCC_WARN_UNUSED_FUNCTION = YES;
				GCC_WARN_UNUSED_VARIABLE = YES;
				MACOSX_DEPLOYMENT_TARGET = 10.10;
				MTL_ENABLE_DEBUG_INFO = YES;
				ONLY_ACTIVE_ARCH = YES;
				SDKROOT = macosx;
				SWIFT_OPTIMIZATION_LEVEL = "-Onone";
				VERSIONING_SYSTEM = "apple-generic";
				VERSION_INFO_PREFIX = "";
			};
			name = Debug;
		};
		7037D0541B403AB500FA04C6 /* Release */ = {
			isa = XCBuildConfiguration;
			buildSettings = {
				ALWAYS_SEARCH_USER_PATHS = NO;
				CLANG_CXX_LANGUAGE_STANDARD = "gnu++0x";
				CLANG_CXX_LIBRARY = "libc++";
				CLANG_ENABLE_MODULES = YES;
				CLANG_ENABLE_OBJC_ARC = YES;
				CLANG_WARN_BOOL_CONVERSION = YES;
				CLANG_WARN_CONSTANT_CONVERSION = YES;
				CLANG_WARN_DIRECT_OBJC_ISA_USAGE = YES_ERROR;
				CLANG_WARN_EMPTY_BODY = YES;
				CLANG_WARN_ENUM_CONVERSION = YES;
				CLANG_WARN_INT_CONVERSION = YES;
				CLANG_WARN_OBJC_ROOT_CLASS = YES_ERROR;
				CLANG_WARN_UNREACHABLE_CODE = YES;
				CLANG_WARN__DUPLICATE_METHOD_MATCH = YES;
				COPY_PHASE_STRIP = NO;
				CURRENT_PROJECT_VERSION = 1;
				DEBUG_INFORMATION_FORMAT = "dwarf-with-dsym";
				ENABLE_NS_ASSERTIONS = NO;
				ENABLE_STRICT_OBJC_MSGSEND = YES;
				GCC_C_LANGUAGE_STANDARD = gnu99;
				GCC_NO_COMMON_BLOCKS = YES;
				GCC_WARN_64_TO_32_BIT_CONVERSION = YES;
				GCC_WARN_ABOUT_RETURN_TYPE = YES_ERROR;
				GCC_WARN_UNDECLARED_SELECTOR = YES;
				GCC_WARN_UNINITIALIZED_AUTOS = YES_AGGRESSIVE;
				GCC_WARN_UNUSED_FUNCTION = YES;
				GCC_WARN_UNUSED_VARIABLE = YES;
				MACOSX_DEPLOYMENT_TARGET = 10.10;
				MTL_ENABLE_DEBUG_INFO = NO;
				SDKROOT = macosx;
				VERSIONING_SYSTEM = "apple-generic";
				VERSION_INFO_PREFIX = "";
			};
			name = Release;
		};
		7037D0561B403AB500FA04C6 /* Debug */ = {
			isa = XCBuildConfiguration;
			buildSettings = {
				CLANG_ENABLE_MODULES = YES;
				COMBINE_HIDPI_IMAGES = YES;
				DEFINES_MODULE = YES;
				DYLIB_COMPATIBILITY_VERSION = 1;
				DYLIB_CURRENT_VERSION = 1;
				DYLIB_INSTALL_NAME_BASE = "@rpath";
				FRAMEWORK_VERSION = A;
				INFOPLIST_FILE = SwiftSequence/Info.plist;
				INSTALL_PATH = "$(LOCAL_LIBRARY_DIR)/Frameworks";
				LD_RUNPATH_SEARCH_PATHS = "$(inherited) @executable_path/../Frameworks @loader_path/Frameworks";
				PRODUCT_BUNDLE_IDENTIFIER = donnacha.oisin.kidney.SwiftSequence;
				PRODUCT_NAME = "$(TARGET_NAME)";
				SKIP_INSTALL = YES;
				SWIFT_OPTIMIZATION_LEVEL = "-Onone";
			};
			name = Debug;
		};
		7037D0571B403AB500FA04C6 /* Release */ = {
			isa = XCBuildConfiguration;
			buildSettings = {
				CLANG_ENABLE_MODULES = YES;
				COMBINE_HIDPI_IMAGES = YES;
				DEFINES_MODULE = YES;
				DYLIB_COMPATIBILITY_VERSION = 1;
				DYLIB_CURRENT_VERSION = 1;
				DYLIB_INSTALL_NAME_BASE = "@rpath";
				FRAMEWORK_VERSION = A;
				INFOPLIST_FILE = SwiftSequence/Info.plist;
				INSTALL_PATH = "$(LOCAL_LIBRARY_DIR)/Frameworks";
				LD_RUNPATH_SEARCH_PATHS = "$(inherited) @executable_path/../Frameworks @loader_path/Frameworks";
				PRODUCT_BUNDLE_IDENTIFIER = donnacha.oisin.kidney.SwiftSequence;
				PRODUCT_NAME = "$(TARGET_NAME)";
				SKIP_INSTALL = YES;
			};
			name = Release;
		};
		7037D0591B403AB500FA04C6 /* Debug */ = {
			isa = XCBuildConfiguration;
			buildSettings = {
				COMBINE_HIDPI_IMAGES = YES;
				INFOPLIST_FILE = SwiftSequenceTests/Info.plist;
				LD_RUNPATH_SEARCH_PATHS = "$(inherited) @executable_path/../Frameworks @loader_path/../Frameworks";
				PRODUCT_BUNDLE_IDENTIFIER = donnacha.oisin.kidney.SwiftSequenceTests;
				PRODUCT_NAME = "$(TARGET_NAME)";
			};
			name = Debug;
		};
		7037D05A1B403AB500FA04C6 /* Release */ = {
			isa = XCBuildConfiguration;
			buildSettings = {
				COMBINE_HIDPI_IMAGES = YES;
				INFOPLIST_FILE = SwiftSequenceTests/Info.plist;
				LD_RUNPATH_SEARCH_PATHS = "$(inherited) @executable_path/../Frameworks @loader_path/../Frameworks";
				PRODUCT_BUNDLE_IDENTIFIER = donnacha.oisin.kidney.SwiftSequenceTests;
				PRODUCT_NAME = "$(TARGET_NAME)";
			};
			name = Release;
		};
/* End XCBuildConfiguration section */

/* Begin XCConfigurationList section */
		7037D03B1B403AB400FA04C6 /* Build configuration list for PBXProject "SwiftSequence" */ = {
			isa = XCConfigurationList;
			buildConfigurations = (
				7037D0531B403AB500FA04C6 /* Debug */,
				7037D0541B403AB500FA04C6 /* Release */,
			);
			defaultConfigurationIsVisible = 0;
			defaultConfigurationName = Release;
		};
		7037D0551B403AB500FA04C6 /* Build configuration list for PBXNativeTarget "SwiftSequence" */ = {
			isa = XCConfigurationList;
			buildConfigurations = (
				7037D0561B403AB500FA04C6 /* Debug */,
				7037D0571B403AB500FA04C6 /* Release */,
			);
			defaultConfigurationIsVisible = 0;
			defaultConfigurationName = Release;
		};
		7037D0581B403AB500FA04C6 /* Build configuration list for PBXNativeTarget "SwiftSequenceTests" */ = {
			isa = XCConfigurationList;
			buildConfigurations = (
				7037D0591B403AB500FA04C6 /* Debug */,
				7037D05A1B403AB500FA04C6 /* Release */,
			);
			defaultConfigurationIsVisible = 0;
			defaultConfigurationName = Release;
		};
/* End XCConfigurationList section */
	};
	rootObject = 7037D0381B403AB400FA04C6 /* Project object */;
}
