// !$*UTF8*$!
{
	archiveVersion = 1;
	classes = {
	};
	objectVersion = 46;
	objects = {

/* Begin PBXBuildFile section */
		702D2ED31B604C62007BDC93 /* EmptyCollection.swift in Sources */ = {isa = PBXBuildFile; fileRef = 702D2ED21B604C62007BDC93 /* EmptyCollection.swift */; };
		7037D0451B403AB500FA04C6 /* SwiftSequence.h in Headers */ = {isa = PBXBuildFile; fileRef = 7037D0441B403AB500FA04C6 /* SwiftSequence.h */; settings = {ATTRIBUTES = (Public, ); }; };
		7037D04C1B403AB500FA04C6 /* SwiftSequence.framework in Frameworks */ = {isa = PBXBuildFile; fileRef = 7037D0411B403AB500FA04C6 /* SwiftSequence.framework */; };
		7037D06D1B403AC800FA04C6 /* ChunkWindowSplit.swift in Sources */ = {isa = PBXBuildFile; fileRef = 7037D05C1B403AC800FA04C6 /* ChunkWindowSplit.swift */; };
		7037D06F1B403AC800FA04C6 /* Combinations.swift in Sources */ = {isa = PBXBuildFile; fileRef = 7037D05D1B403AC800FA04C6 /* Combinations.swift */; };
		7037D0711B403AC800FA04C6 /* Cycle.swift in Sources */ = {isa = PBXBuildFile; fileRef = 7037D05E1B403AC800FA04C6 /* Cycle.swift */; };
		7037D0731B403AC800FA04C6 /* Enumerate.swift in Sources */ = {isa = PBXBuildFile; fileRef = 7037D05F1B403AC800FA04C6 /* Enumerate.swift */; };
		7037D0751B403AC800FA04C6 /* Finding.swift in Sources */ = {isa = PBXBuildFile; fileRef = 7037D0601B403AC800FA04C6 /* Finding.swift */; };
		7037D0771B403AC800FA04C6 /* FlatMap.swift in Sources */ = {isa = PBXBuildFile; fileRef = 7037D0611B403AC800FA04C6 /* FlatMap.swift */; };
		7037D0791B403AC800FA04C6 /* GenericGenerators.swift in Sources */ = {isa = PBXBuildFile; fileRef = 7037D0621B403AC800FA04C6 /* GenericGenerators.swift */; };
		7037D07B1B403AC800FA04C6 /* HopJump.swift in Sources */ = {isa = PBXBuildFile; fileRef = 7037D0631B403AC800FA04C6 /* HopJump.swift */; };
		7037D07D1B403AC800FA04C6 /* Interpose.swift in Sources */ = {isa = PBXBuildFile; fileRef = 7037D0641B403AC800FA04C6 /* Interpose.swift */; };
		7037D07F1B403AC800FA04C6 /* LazySeq.swift in Sources */ = {isa = PBXBuildFile; fileRef = 7037D0651B403AC800FA04C6 /* LazySeq.swift */; };
		7037D0811B403AC800FA04C6 /* NestedSequences.swift in Sources */ = {isa = PBXBuildFile; fileRef = 7037D0661B403AC800FA04C6 /* NestedSequences.swift */; };
		7037D0831B403AC800FA04C6 /* Permutations.swift in Sources */ = {isa = PBXBuildFile; fileRef = 7037D0671B403AC800FA04C6 /* Permutations.swift */; };
		7037D0851B403AC800FA04C6 /* ScanReduce.swift in Sources */ = {isa = PBXBuildFile; fileRef = 7037D0681B403AC800FA04C6 /* ScanReduce.swift */; };
		7037D0871B403AC800FA04C6 /* TakeDrop.swift in Sources */ = {isa = PBXBuildFile; fileRef = 7037D0691B403AC800FA04C6 /* TakeDrop.swift */; };
		7037D0891B403AC800FA04C6 /* Zip.swift in Sources */ = {isa = PBXBuildFile; fileRef = 7037D06A1B403AC800FA04C6 /* Zip.swift */; };
		7037D08D1B40437100FA04C6 /* Categorise.swift in Sources */ = {isa = PBXBuildFile; fileRef = 7037D08C1B40437100FA04C6 /* Categorise.swift */; };
		70C80C311B727A7C00FB946B /* ContiguousList.swift in Sources */ = {isa = PBXBuildFile; fileRef = 70C80C301B727A7C00FB946B /* ContiguousList.swift */; };
		70D5158E1B67B74E0093E3F5 /* List.swift in Sources */ = {isa = PBXBuildFile; fileRef = 70D5158D1B67B74E0093E3F5 /* List.swift */; };
		70D515911B67C71D0093E3F5 /* LazyList.swift in Sources */ = {isa = PBXBuildFile; fileRef = 70D515901B67C71D0093E3F5 /* LazyList.swift */; };
		70D515941B67D0BA0093E3F5 /* Deque.swift in Sources */ = {isa = PBXBuildFile; fileRef = 70D515931B67D0BA0093E3F5 /* Deque.swift */; };
		70D515971B67D6F80093E3F5 /* Trie.swift in Sources */ = {isa = PBXBuildFile; fileRef = 70D515961B67D6F80093E3F5 /* Trie.swift */; };
		70D5159A1B67D8420093E3F5 /* ListExtensions.swift in Sources */ = {isa = PBXBuildFile; fileRef = 70D515991B67D8420093E3F5 /* ListExtensions.swift */; };
		70D5159D1B67D8560093E3F5 /* LazyListExtensions.swift in Sources */ = {isa = PBXBuildFile; fileRef = 70D5159C1B67D8560093E3F5 /* LazyListExtensions.swift */; };
		70D515A01B67D8640093E3F5 /* DequeExtensions.swift in Sources */ = {isa = PBXBuildFile; fileRef = 70D5159F1B67D8640093E3F5 /* DequeExtensions.swift */; };
		70D515A31B67D8710093E3F5 /* TrieExtensions.swift in Sources */ = {isa = PBXBuildFile; fileRef = 70D515A21B67D8710093E3F5 /* TrieExtensions.swift */; };
		70F19A0E1B68C3EB0078CF11 /* CategoriseTests.swift in Sources */ = {isa = PBXBuildFile; fileRef = 70F19A0D1B68C3EB0078CF11 /* CategoriseTests.swift */; };
		70F19A101B68C43F0078CF11 /* EmptyCollectionTests.swift in Sources */ = {isa = PBXBuildFile; fileRef = 70F19A0F1B68C43F0078CF11 /* EmptyCollectionTests.swift */; };
		70F19A121B68C4660078CF11 /* ChunkWindowSplitTests.swift in Sources */ = {isa = PBXBuildFile; fileRef = 70F19A111B68C4660078CF11 /* ChunkWindowSplitTests.swift */; };
		70F19A141B68C4910078CF11 /* CombinationsTests.swift in Sources */ = {isa = PBXBuildFile; fileRef = 70F19A131B68C4910078CF11 /* CombinationsTests.swift */; };
		70F19A161B68C5080078CF11 /* CycleTests.swift in Sources */ = {isa = PBXBuildFile; fileRef = 70F19A151B68C5080078CF11 /* CycleTests.swift */; };
		70F19A181B68C51C0078CF11 /* EnumerateTests.swift in Sources */ = {isa = PBXBuildFile; fileRef = 70F19A171B68C51C0078CF11 /* EnumerateTests.swift */; };
		70F19A1A1B68C5320078CF11 /* FindingTests.swift in Sources */ = {isa = PBXBuildFile; fileRef = 70F19A191B68C5320078CF11 /* FindingTests.swift */; };
		70F19A1C1B68C5480078CF11 /* FlatMapTests.swift in Sources */ = {isa = PBXBuildFile; fileRef = 70F19A1B1B68C5480078CF11 /* FlatMapTests.swift */; };
		70F19A1E1B68C5630078CF11 /* GenericGeneratorsTests.swift in Sources */ = {isa = PBXBuildFile; fileRef = 70F19A1D1B68C5630078CF11 /* GenericGeneratorsTests.swift */; };
		70F19A201B68C5890078CF11 /* HopJumpTests.swift in Sources */ = {isa = PBXBuildFile; fileRef = 70F19A1F1B68C5890078CF11 /* HopJumpTests.swift */; };
		70F19A221B68C5A30078CF11 /* InterposeTests.swift in Sources */ = {isa = PBXBuildFile; fileRef = 70F19A211B68C5A20078CF11 /* InterposeTests.swift */; };
		70F19A241B68C5C20078CF11 /* LazySeqTests.swift in Sources */ = {isa = PBXBuildFile; fileRef = 70F19A231B68C5C20078CF11 /* LazySeqTests.swift */; };
		70F19A261B68C5EC0078CF11 /* NestedSequencesTests.swift in Sources */ = {isa = PBXBuildFile; fileRef = 70F19A251B68C5EC0078CF11 /* NestedSequencesTests.swift */; };
		70F19A281B68C6020078CF11 /* PermutationsTests.swift in Sources */ = {isa = PBXBuildFile; fileRef = 70F19A271B68C6020078CF11 /* PermutationsTests.swift */; };
		70F19A2A1B68C61C0078CF11 /* ScanReduceTests.swift in Sources */ = {isa = PBXBuildFile; fileRef = 70F19A291B68C61C0078CF11 /* ScanReduceTests.swift */; };
		70F19A2C1B68C6300078CF11 /* TakeDropTests.swift in Sources */ = {isa = PBXBuildFile; fileRef = 70F19A2B1B68C6300078CF11 /* TakeDropTests.swift */; };
		70F19A2E1B68C6430078CF11 /* ZipTests.swift in Sources */ = {isa = PBXBuildFile; fileRef = 70F19A2D1B68C6430078CF11 /* ZipTests.swift */; };
		70F19A321B68C7E00078CF11 /* ListExtensionsTests.swift in Sources */ = {isa = PBXBuildFile; fileRef = 70F19A311B68C7E00078CF11 /* ListExtensionsTests.swift */; };
		70F19A341B68C7F30078CF11 /* LazyListTests.swift in Sources */ = {isa = PBXBuildFile; fileRef = 70F19A331B68C7F30078CF11 /* LazyListTests.swift */; };
		70F19A361B68C8090078CF11 /* LazyListExtensionsTests.swift in Sources */ = {isa = PBXBuildFile; fileRef = 70F19A351B68C8080078CF11 /* LazyListExtensionsTests.swift */; };
		70F19A381B68C81D0078CF11 /* DequeTests.swift in Sources */ = {isa = PBXBuildFile; fileRef = 70F19A371B68C81D0078CF11 /* DequeTests.swift */; };
		70F19A3A1B68C8340078CF11 /* DequeExtensionsTests.swift in Sources */ = {isa = PBXBuildFile; fileRef = 70F19A391B68C8330078CF11 /* DequeExtensionsTests.swift */; };
		70F19A3C1B68C8480078CF11 /* TrieTests.swift in Sources */ = {isa = PBXBuildFile; fileRef = 70F19A3B1B68C8480078CF11 /* TrieTests.swift */; };
		70F19A3E1B68C8620078CF11 /* TrieExtensionsTests.swift in Sources */ = {isa = PBXBuildFile; fileRef = 70F19A3D1B68C8620078CF11 /* TrieExtensionsTests.swift */; };
		70F19A401B68DB3B0078CF11 /* ListTests.swift in Sources */ = {isa = PBXBuildFile; fileRef = 70F19A3F1B68DB3B0078CF11 /* ListTests.swift */; };
		70F8A5951B7365EF0034C40C /* ContiguousDeque.swift in Sources */ = {isa = PBXBuildFile; fileRef = 70C80C2A1B72783700FB946B /* ContiguousDeque.swift */; };
		70F8A5971B7368380034C40C /* ContiguousDequeExtensions.swift in Sources */ = {isa = PBXBuildFile; fileRef = 70F8A5961B7368380034C40C /* ContiguousDequeExtensions.swift */; };
		70F8A5991B7369990034C40C /* ContiguousListExtensions.swift in Sources */ = {isa = PBXBuildFile; fileRef = 70F8A5981B7369990034C40C /* ContiguousListExtensions.swift */; };
		70F8A59B1B736A710034C40C /* ContiguousDequeTests.swift in Sources */ = {isa = PBXBuildFile; fileRef = 70F8A59A1B736A710034C40C /* ContiguousDequeTests.swift */; };
		70F8A59D1B736A840034C40C /* ContiguousDequeExtensionsTests.swift in Sources */ = {isa = PBXBuildFile; fileRef = 70F8A59C1B736A840034C40C /* ContiguousDequeExtensionsTests.swift */; };
		70F8A59F1B736A940034C40C /* ContiguousListTests.swift in Sources */ = {isa = PBXBuildFile; fileRef = 70F8A59E1B736A940034C40C /* ContiguousListTests.swift */; };
		70F8A5A11B736AA40034C40C /* ContiguousListExtensionsTests.swift in Sources */ = {isa = PBXBuildFile; fileRef = 70F8A5A01B736AA40034C40C /* ContiguousListExtensionsTests.swift */; };
		70F8A5A31B73777B0034C40C /* ContiguousDequeSliceTests.swift in Sources */ = {isa = PBXBuildFile; fileRef = 70F8A5A21B73777B0034C40C /* ContiguousDequeSliceTests.swift */; };
		70F8A5A51B7383F00034C40C /* ContiguousListSliceTests.swift in Sources */ = {isa = PBXBuildFile; fileRef = 70F8A5A41B7383F00034C40C /* ContiguousListSliceTests.swift */; };
/* End PBXBuildFile section */

/* Begin PBXContainerItemProxy section */
		7037D04D1B403AB500FA04C6 /* PBXContainerItemProxy */ = {
			isa = PBXContainerItemProxy;
			containerPortal = 7037D0381B403AB400FA04C6 /* Project object */;
			proxyType = 1;
			remoteGlobalIDString = 7037D0401B403AB400FA04C6;
			remoteInfo = SwiftSequence;
		};
/* End PBXContainerItemProxy section */

/* Begin PBXFileReference section */
		702D2ED21B604C62007BDC93 /* EmptyCollection.swift */ = {isa = PBXFileReference; fileEncoding = 4; lastKnownFileType = sourcecode.swift; path = EmptyCollection.swift; sourceTree = "<group>"; };
		7037D0411B403AB500FA04C6 /* SwiftSequence.framework */ = {isa = PBXFileReference; explicitFileType = wrapper.framework; includeInIndex = 0; path = SwiftSequence.framework; sourceTree = BUILT_PRODUCTS_DIR; };
		7037D0441B403AB500FA04C6 /* SwiftSequence.h */ = {isa = PBXFileReference; lastKnownFileType = sourcecode.c.h; path = SwiftSequence.h; sourceTree = "<group>"; };
		7037D0461B403AB500FA04C6 /* Info.plist */ = {isa = PBXFileReference; lastKnownFileType = text.plist.xml; path = Info.plist; sourceTree = "<group>"; };
		7037D04B1B403AB500FA04C6 /* SwiftSequenceTests.xctest */ = {isa = PBXFileReference; explicitFileType = wrapper.cfbundle; includeInIndex = 0; path = SwiftSequenceTests.xctest; sourceTree = BUILT_PRODUCTS_DIR; };
		7037D0521B403AB500FA04C6 /* Info.plist */ = {isa = PBXFileReference; lastKnownFileType = text.plist.xml; path = Info.plist; sourceTree = "<group>"; };
		7037D05C1B403AC800FA04C6 /* ChunkWindowSplit.swift */ = {isa = PBXFileReference; fileEncoding = 4; lastKnownFileType = sourcecode.swift; path = ChunkWindowSplit.swift; sourceTree = "<group>"; };
		7037D05D1B403AC800FA04C6 /* Combinations.swift */ = {isa = PBXFileReference; fileEncoding = 4; lastKnownFileType = sourcecode.swift; path = Combinations.swift; sourceTree = "<group>"; };
		7037D05E1B403AC800FA04C6 /* Cycle.swift */ = {isa = PBXFileReference; fileEncoding = 4; lastKnownFileType = sourcecode.swift; path = Cycle.swift; sourceTree = "<group>"; };
		7037D05F1B403AC800FA04C6 /* Enumerate.swift */ = {isa = PBXFileReference; fileEncoding = 4; lastKnownFileType = sourcecode.swift; path = Enumerate.swift; sourceTree = "<group>"; };
		7037D0601B403AC800FA04C6 /* Finding.swift */ = {isa = PBXFileReference; fileEncoding = 4; lastKnownFileType = sourcecode.swift; path = Finding.swift; sourceTree = "<group>"; };
		7037D0611B403AC800FA04C6 /* FlatMap.swift */ = {isa = PBXFileReference; fileEncoding = 4; lastKnownFileType = sourcecode.swift; path = FlatMap.swift; sourceTree = "<group>"; };
		7037D0621B403AC800FA04C6 /* GenericGenerators.swift */ = {isa = PBXFileReference; fileEncoding = 4; lastKnownFileType = sourcecode.swift; path = GenericGenerators.swift; sourceTree = "<group>"; };
		7037D0631B403AC800FA04C6 /* HopJump.swift */ = {isa = PBXFileReference; fileEncoding = 4; lastKnownFileType = sourcecode.swift; path = HopJump.swift; sourceTree = "<group>"; };
		7037D0641B403AC800FA04C6 /* Interpose.swift */ = {isa = PBXFileReference; fileEncoding = 4; lastKnownFileType = sourcecode.swift; path = Interpose.swift; sourceTree = "<group>"; };
		7037D0651B403AC800FA04C6 /* LazySeq.swift */ = {isa = PBXFileReference; fileEncoding = 4; lastKnownFileType = sourcecode.swift; path = LazySeq.swift; sourceTree = "<group>"; };
		7037D0661B403AC800FA04C6 /* NestedSequences.swift */ = {isa = PBXFileReference; fileEncoding = 4; lastKnownFileType = sourcecode.swift; path = NestedSequences.swift; sourceTree = "<group>"; };
		7037D0671B403AC800FA04C6 /* Permutations.swift */ = {isa = PBXFileReference; fileEncoding = 4; lastKnownFileType = sourcecode.swift; path = Permutations.swift; sourceTree = "<group>"; };
		7037D0681B403AC800FA04C6 /* ScanReduce.swift */ = {isa = PBXFileReference; fileEncoding = 4; lastKnownFileType = sourcecode.swift; path = ScanReduce.swift; sourceTree = "<group>"; };
		7037D0691B403AC800FA04C6 /* TakeDrop.swift */ = {isa = PBXFileReference; fileEncoding = 4; lastKnownFileType = sourcecode.swift; path = TakeDrop.swift; sourceTree = "<group>"; };
		7037D06A1B403AC800FA04C6 /* Zip.swift */ = {isa = PBXFileReference; fileEncoding = 4; lastKnownFileType = sourcecode.swift; path = Zip.swift; sourceTree = "<group>"; };
		7037D08C1B40437100FA04C6 /* Categorise.swift */ = {isa = PBXFileReference; fileEncoding = 4; lastKnownFileType = sourcecode.swift; path = Categorise.swift; sourceTree = "<group>"; };
		70C80C2A1B72783700FB946B /* ContiguousDeque.swift */ = {isa = PBXFileReference; fileEncoding = 4; lastKnownFileType = sourcecode.swift; path = ContiguousDeque.swift; sourceTree = "<group>"; };
		70C80C301B727A7C00FB946B /* ContiguousList.swift */ = {isa = PBXFileReference; fileEncoding = 4; lastKnownFileType = sourcecode.swift; path = ContiguousList.swift; sourceTree = "<group>"; };
		70D5158D1B67B74E0093E3F5 /* List.swift */ = {isa = PBXFileReference; fileEncoding = 4; lastKnownFileType = sourcecode.swift; path = List.swift; sourceTree = "<group>"; };
		70D515901B67C71D0093E3F5 /* LazyList.swift */ = {isa = PBXFileReference; fileEncoding = 4; lastKnownFileType = sourcecode.swift; path = LazyList.swift; sourceTree = "<group>"; };
		70D515931B67D0BA0093E3F5 /* Deque.swift */ = {isa = PBXFileReference; fileEncoding = 4; lastKnownFileType = sourcecode.swift; path = Deque.swift; sourceTree = "<group>"; };
		70D515961B67D6F80093E3F5 /* Trie.swift */ = {isa = PBXFileReference; fileEncoding = 4; lastKnownFileType = sourcecode.swift; path = Trie.swift; sourceTree = "<group>"; };
		70D515991B67D8420093E3F5 /* ListExtensions.swift */ = {isa = PBXFileReference; fileEncoding = 4; lastKnownFileType = sourcecode.swift; path = ListExtensions.swift; sourceTree = "<group>"; };
		70D5159C1B67D8560093E3F5 /* LazyListExtensions.swift */ = {isa = PBXFileReference; fileEncoding = 4; lastKnownFileType = sourcecode.swift; path = LazyListExtensions.swift; sourceTree = "<group>"; };
		70D5159F1B67D8640093E3F5 /* DequeExtensions.swift */ = {isa = PBXFileReference; fileEncoding = 4; lastKnownFileType = sourcecode.swift; path = DequeExtensions.swift; sourceTree = "<group>"; };
		70D515A21B67D8710093E3F5 /* TrieExtensions.swift */ = {isa = PBXFileReference; fileEncoding = 4; lastKnownFileType = sourcecode.swift; path = TrieExtensions.swift; sourceTree = "<group>"; };
		70F19A0D1B68C3EB0078CF11 /* CategoriseTests.swift */ = {isa = PBXFileReference; fileEncoding = 4; lastKnownFileType = sourcecode.swift; path = CategoriseTests.swift; sourceTree = "<group>"; };
		70F19A0F1B68C43F0078CF11 /* EmptyCollectionTests.swift */ = {isa = PBXFileReference; fileEncoding = 4; lastKnownFileType = sourcecode.swift; path = EmptyCollectionTests.swift; sourceTree = "<group>"; };
		70F19A111B68C4660078CF11 /* ChunkWindowSplitTests.swift */ = {isa = PBXFileReference; fileEncoding = 4; lastKnownFileType = sourcecode.swift; path = ChunkWindowSplitTests.swift; sourceTree = "<group>"; };
		70F19A131B68C4910078CF11 /* CombinationsTests.swift */ = {isa = PBXFileReference; fileEncoding = 4; lastKnownFileType = sourcecode.swift; path = CombinationsTests.swift; sourceTree = "<group>"; };
		70F19A151B68C5080078CF11 /* CycleTests.swift */ = {isa = PBXFileReference; fileEncoding = 4; lastKnownFileType = sourcecode.swift; path = CycleTests.swift; sourceTree = "<group>"; };
		70F19A171B68C51C0078CF11 /* EnumerateTests.swift */ = {isa = PBXFileReference; fileEncoding = 4; lastKnownFileType = sourcecode.swift; path = EnumerateTests.swift; sourceTree = "<group>"; };
		70F19A191B68C5320078CF11 /* FindingTests.swift */ = {isa = PBXFileReference; fileEncoding = 4; lastKnownFileType = sourcecode.swift; path = FindingTests.swift; sourceTree = "<group>"; };
		70F19A1B1B68C5480078CF11 /* FlatMapTests.swift */ = {isa = PBXFileReference; fileEncoding = 4; lastKnownFileType = sourcecode.swift; path = FlatMapTests.swift; sourceTree = "<group>"; };
		70F19A1D1B68C5630078CF11 /* GenericGeneratorsTests.swift */ = {isa = PBXFileReference; fileEncoding = 4; lastKnownFileType = sourcecode.swift; path = GenericGeneratorsTests.swift; sourceTree = "<group>"; };
		70F19A1F1B68C5890078CF11 /* HopJumpTests.swift */ = {isa = PBXFileReference; fileEncoding = 4; lastKnownFileType = sourcecode.swift; path = HopJumpTests.swift; sourceTree = "<group>"; };
		70F19A211B68C5A20078CF11 /* InterposeTests.swift */ = {isa = PBXFileReference; fileEncoding = 4; lastKnownFileType = sourcecode.swift; path = InterposeTests.swift; sourceTree = "<group>"; };
		70F19A231B68C5C20078CF11 /* LazySeqTests.swift */ = {isa = PBXFileReference; fileEncoding = 4; lastKnownFileType = sourcecode.swift; path = LazySeqTests.swift; sourceTree = "<group>"; };
		70F19A251B68C5EC0078CF11 /* NestedSequencesTests.swift */ = {isa = PBXFileReference; fileEncoding = 4; lastKnownFileType = sourcecode.swift; path = NestedSequencesTests.swift; sourceTree = "<group>"; };
		70F19A271B68C6020078CF11 /* PermutationsTests.swift */ = {isa = PBXFileReference; fileEncoding = 4; lastKnownFileType = sourcecode.swift; path = PermutationsTests.swift; sourceTree = "<group>"; };
		70F19A291B68C61C0078CF11 /* ScanReduceTests.swift */ = {isa = PBXFileReference; fileEncoding = 4; lastKnownFileType = sourcecode.swift; path = ScanReduceTests.swift; sourceTree = "<group>"; };
		70F19A2B1B68C6300078CF11 /* TakeDropTests.swift */ = {isa = PBXFileReference; fileEncoding = 4; lastKnownFileType = sourcecode.swift; path = TakeDropTests.swift; sourceTree = "<group>"; };
		70F19A2D1B68C6430078CF11 /* ZipTests.swift */ = {isa = PBXFileReference; fileEncoding = 4; lastKnownFileType = sourcecode.swift; path = ZipTests.swift; sourceTree = "<group>"; };
		70F19A311B68C7E00078CF11 /* ListExtensionsTests.swift */ = {isa = PBXFileReference; fileEncoding = 4; lastKnownFileType = sourcecode.swift; path = ListExtensionsTests.swift; sourceTree = "<group>"; };
		70F19A331B68C7F30078CF11 /* LazyListTests.swift */ = {isa = PBXFileReference; fileEncoding = 4; lastKnownFileType = sourcecode.swift; path = LazyListTests.swift; sourceTree = "<group>"; };
		70F19A351B68C8080078CF11 /* LazyListExtensionsTests.swift */ = {isa = PBXFileReference; fileEncoding = 4; lastKnownFileType = sourcecode.swift; path = LazyListExtensionsTests.swift; sourceTree = "<group>"; };
		70F19A371B68C81D0078CF11 /* DequeTests.swift */ = {isa = PBXFileReference; fileEncoding = 4; lastKnownFileType = sourcecode.swift; path = DequeTests.swift; sourceTree = "<group>"; };
		70F19A391B68C8330078CF11 /* DequeExtensionsTests.swift */ = {isa = PBXFileReference; fileEncoding = 4; lastKnownFileType = sourcecode.swift; path = DequeExtensionsTests.swift; sourceTree = "<group>"; };
		70F19A3B1B68C8480078CF11 /* TrieTests.swift */ = {isa = PBXFileReference; fileEncoding = 4; lastKnownFileType = sourcecode.swift; path = TrieTests.swift; sourceTree = "<group>"; };
		70F19A3D1B68C8620078CF11 /* TrieExtensionsTests.swift */ = {isa = PBXFileReference; fileEncoding = 4; lastKnownFileType = sourcecode.swift; path = TrieExtensionsTests.swift; sourceTree = "<group>"; };
		70F19A3F1B68DB3B0078CF11 /* ListTests.swift */ = {isa = PBXFileReference; fileEncoding = 4; lastKnownFileType = sourcecode.swift; path = ListTests.swift; sourceTree = "<group>"; };
		70F8A5961B7368380034C40C /* ContiguousDequeExtensions.swift */ = {isa = PBXFileReference; fileEncoding = 4; lastKnownFileType = sourcecode.swift; path = ContiguousDequeExtensions.swift; sourceTree = "<group>"; };
		70F8A5981B7369990034C40C /* ContiguousListExtensions.swift */ = {isa = PBXFileReference; fileEncoding = 4; lastKnownFileType = sourcecode.swift; path = ContiguousListExtensions.swift; sourceTree = "<group>"; };
		70F8A59A1B736A710034C40C /* ContiguousDequeTests.swift */ = {isa = PBXFileReference; fileEncoding = 4; lastKnownFileType = sourcecode.swift; path = ContiguousDequeTests.swift; sourceTree = "<group>"; };
		70F8A59C1B736A840034C40C /* ContiguousDequeExtensionsTests.swift */ = {isa = PBXFileReference; fileEncoding = 4; lastKnownFileType = sourcecode.swift; path = ContiguousDequeExtensionsTests.swift; sourceTree = "<group>"; };
		70F8A59E1B736A940034C40C /* ContiguousListTests.swift */ = {isa = PBXFileReference; fileEncoding = 4; lastKnownFileType = sourcecode.swift; path = ContiguousListTests.swift; sourceTree = "<group>"; };
		70F8A5A01B736AA40034C40C /* ContiguousListExtensionsTests.swift */ = {isa = PBXFileReference; fileEncoding = 4; lastKnownFileType = sourcecode.swift; path = ContiguousListExtensionsTests.swift; sourceTree = "<group>"; };
		70F8A5A21B73777B0034C40C /* ContiguousDequeSliceTests.swift */ = {isa = PBXFileReference; fileEncoding = 4; lastKnownFileType = sourcecode.swift; path = ContiguousDequeSliceTests.swift; sourceTree = "<group>"; };
		70F8A5A41B7383F00034C40C /* ContiguousListSliceTests.swift */ = {isa = PBXFileReference; fileEncoding = 4; lastKnownFileType = sourcecode.swift; path = ContiguousListSliceTests.swift; sourceTree = "<group>"; };
/* End PBXFileReference section */

/* Begin PBXFrameworksBuildPhase section */
		7037D03D1B403AB400FA04C6 /* Frameworks */ = {
			isa = PBXFrameworksBuildPhase;
			buildActionMask = 2147483647;
			files = (
			);
			runOnlyForDeploymentPostprocessing = 0;
		};
		7037D0481B403AB500FA04C6 /* Frameworks */ = {
			isa = PBXFrameworksBuildPhase;
			buildActionMask = 2147483647;
			files = (
				7037D04C1B403AB500FA04C6 /* SwiftSequence.framework in Frameworks */,
			);
			runOnlyForDeploymentPostprocessing = 0;
		};
/* End PBXFrameworksBuildPhase section */

/* Begin PBXGroup section */
		7037D0371B403AB400FA04C6 = {
			isa = PBXGroup;
			children = (
				7037D0431B403AB500FA04C6 /* SwiftSequence */,
				7037D04F1B403AB500FA04C6 /* SwiftSequenceTests */,
				7037D0421B403AB500FA04C6 /* Products */,
			);
			sourceTree = "<group>";
		};
		7037D0421B403AB500FA04C6 /* Products */ = {
			isa = PBXGroup;
			children = (
				7037D0411B403AB500FA04C6 /* SwiftSequence.framework */,
				7037D04B1B403AB500FA04C6 /* SwiftSequenceTests.xctest */,
			);
			name = Products;
			sourceTree = "<group>";
		};
		7037D0431B403AB500FA04C6 /* SwiftSequence */ = {
			isa = PBXGroup;
			children = (
				7037D08C1B40437100FA04C6 /* Categorise.swift */,
				702D2ED21B604C62007BDC93 /* EmptyCollection.swift */,
				7037D05C1B403AC800FA04C6 /* ChunkWindowSplit.swift */,
				7037D05D1B403AC800FA04C6 /* Combinations.swift */,
				7037D05E1B403AC800FA04C6 /* Cycle.swift */,
				7037D05F1B403AC800FA04C6 /* Enumerate.swift */,
				7037D0601B403AC800FA04C6 /* Finding.swift */,
				7037D0611B403AC800FA04C6 /* FlatMap.swift */,
				7037D0621B403AC800FA04C6 /* GenericGenerators.swift */,
				7037D0631B403AC800FA04C6 /* HopJump.swift */,
				7037D0641B403AC800FA04C6 /* Interpose.swift */,
				7037D0651B403AC800FA04C6 /* LazySeq.swift */,
				7037D0661B403AC800FA04C6 /* NestedSequences.swift */,
				7037D0671B403AC800FA04C6 /* Permutations.swift */,
				7037D0681B403AC800FA04C6 /* ScanReduce.swift */,
				7037D0691B403AC800FA04C6 /* TakeDrop.swift */,
				7037D06A1B403AC800FA04C6 /* Zip.swift */,
				7037D0441B403AB500FA04C6 /* SwiftSequence.h */,
				7037D0461B403AB500FA04C6 /* Info.plist */,
				70D5158D1B67B74E0093E3F5 /* List.swift */,
				70D515991B67D8420093E3F5 /* ListExtensions.swift */,
				70D515901B67C71D0093E3F5 /* LazyList.swift */,
				70D5159C1B67D8560093E3F5 /* LazyListExtensions.swift */,
				70D515931B67D0BA0093E3F5 /* Deque.swift */,
				70D5159F1B67D8640093E3F5 /* DequeExtensions.swift */,
				70D515961B67D6F80093E3F5 /* Trie.swift */,
				70D515A21B67D8710093E3F5 /* TrieExtensions.swift */,
				70C80C2A1B72783700FB946B /* ContiguousDeque.swift */,
				70F8A5961B7368380034C40C /* ContiguousDequeExtensions.swift */,
				70C80C301B727A7C00FB946B /* ContiguousList.swift */,
				70F8A5981B7369990034C40C /* ContiguousListExtensions.swift */,
			);
			path = SwiftSequence;
			sourceTree = "<group>";
		};
		7037D04F1B403AB500FA04C6 /* SwiftSequenceTests */ = {
			isa = PBXGroup;
			children = (
				7037D0521B403AB500FA04C6 /* Info.plist */,
				70F19A0D1B68C3EB0078CF11 /* CategoriseTests.swift */,
				70F19A0F1B68C43F0078CF11 /* EmptyCollectionTests.swift */,
				70F19A111B68C4660078CF11 /* ChunkWindowSplitTests.swift */,
				70F19A131B68C4910078CF11 /* CombinationsTests.swift */,
				70F19A151B68C5080078CF11 /* CycleTests.swift */,
				70F19A171B68C51C0078CF11 /* EnumerateTests.swift */,
				70F19A191B68C5320078CF11 /* FindingTests.swift */,
				70F19A1B1B68C5480078CF11 /* FlatMapTests.swift */,
				70F19A1D1B68C5630078CF11 /* GenericGeneratorsTests.swift */,
				70F19A1F1B68C5890078CF11 /* HopJumpTests.swift */,
				70F19A211B68C5A20078CF11 /* InterposeTests.swift */,
				70F19A231B68C5C20078CF11 /* LazySeqTests.swift */,
				70F19A251B68C5EC0078CF11 /* NestedSequencesTests.swift */,
				70F19A271B68C6020078CF11 /* PermutationsTests.swift */,
				70F19A291B68C61C0078CF11 /* ScanReduceTests.swift */,
				70F19A2B1B68C6300078CF11 /* TakeDropTests.swift */,
				70F19A2D1B68C6430078CF11 /* ZipTests.swift */,
				70F19A3F1B68DB3B0078CF11 /* ListTests.swift */,
				70F19A311B68C7E00078CF11 /* ListExtensionsTests.swift */,
				70F19A331B68C7F30078CF11 /* LazyListTests.swift */,
				70F19A351B68C8080078CF11 /* LazyListExtensionsTests.swift */,
				70F19A371B68C81D0078CF11 /* DequeTests.swift */,
				70F19A391B68C8330078CF11 /* DequeExtensionsTests.swift */,
				70F19A3B1B68C8480078CF11 /* TrieTests.swift */,
				70F19A3D1B68C8620078CF11 /* TrieExtensionsTests.swift */,
				70F8A59A1B736A710034C40C /* ContiguousDequeTests.swift */,
				70F8A5A21B73777B0034C40C /* ContiguousDequeSliceTests.swift */,
				70F8A59C1B736A840034C40C /* ContiguousDequeExtensionsTests.swift */,
				70F8A59E1B736A940034C40C /* ContiguousListTests.swift */,
				70F8A5A41B7383F00034C40C /* ContiguousListSliceTests.swift */,
				70F8A5A01B736AA40034C40C /* ContiguousListExtensionsTests.swift */,
			);
			path = SwiftSequenceTests;
			sourceTree = "<group>";
		};
/* End PBXGroup section */

/* Begin PBXHeadersBuildPhase section */
		7037D03E1B403AB400FA04C6 /* Headers */ = {
			isa = PBXHeadersBuildPhase;
			buildActionMask = 2147483647;
			files = (
				7037D0451B403AB500FA04C6 /* SwiftSequence.h in Headers */,
			);
			runOnlyForDeploymentPostprocessing = 0;
		};
/* End PBXHeadersBuildPhase section */

/* Begin PBXNativeTarget section */
		7037D0401B403AB400FA04C6 /* SwiftSequence */ = {
			isa = PBXNativeTarget;
			buildConfigurationList = 7037D0551B403AB500FA04C6 /* Build configuration list for PBXNativeTarget "SwiftSequence" */;
			buildPhases = (
				7037D03C1B403AB400FA04C6 /* Sources */,
				7037D03D1B403AB400FA04C6 /* Frameworks */,
				7037D03E1B403AB400FA04C6 /* Headers */,
				7037D03F1B403AB400FA04C6 /* Resources */,
			);
			buildRules = (
			);
			dependencies = (
			);
			name = SwiftSequence;
			productName = SwiftSequence;
			productReference = 7037D0411B403AB500FA04C6 /* SwiftSequence.framework */;
			productType = "com.apple.product-type.framework";
		};
		7037D04A1B403AB500FA04C6 /* SwiftSequenceTests */ = {
			isa = PBXNativeTarget;
			buildConfigurationList = 7037D0581B403AB500FA04C6 /* Build configuration list for PBXNativeTarget "SwiftSequenceTests" */;
			buildPhases = (
				7037D0471B403AB500FA04C6 /* Sources */,
				7037D0481B403AB500FA04C6 /* Frameworks */,
				7037D0491B403AB500FA04C6 /* Resources */,
			);
			buildRules = (
			);
			dependencies = (
				7037D04E1B403AB500FA04C6 /* PBXTargetDependency */,
			);
			name = SwiftSequenceTests;
			productName = SwiftSequenceTests;
			productReference = 7037D04B1B403AB500FA04C6 /* SwiftSequenceTests.xctest */;
			productType = "com.apple.product-type.bundle.unit-test";
		};
/* End PBXNativeTarget section */

/* Begin PBXProject section */
		7037D0381B403AB400FA04C6 /* Project object */ = {
			isa = PBXProject;
			attributes = {
				LastSwiftUpdateCheck = 0700;
				LastUpgradeCheck = 0700;
				ORGANIZATIONNAME = "Donnacha Oisín Kidney";
				TargetAttributes = {
					7037D0401B403AB400FA04C6 = {
						CreatedOnToolsVersion = 7.0;
					};
					7037D04A1B403AB500FA04C6 = {
						CreatedOnToolsVersion = 7.0;
					};
				};
			};
			buildConfigurationList = 7037D03B1B403AB400FA04C6 /* Build configuration list for PBXProject "SwiftSequence" */;
			compatibilityVersion = "Xcode 3.2";
			developmentRegion = English;
			hasScannedForEncodings = 0;
			knownRegions = (
				en,
			);
			mainGroup = 7037D0371B403AB400FA04C6;
			productRefGroup = 7037D0421B403AB500FA04C6 /* Products */;
			projectDirPath = "";
			projectRoot = "";
			targets = (
				7037D0401B403AB400FA04C6 /* SwiftSequence */,
				7037D04A1B403AB500FA04C6 /* SwiftSequenceTests */,
			);
		};
/* End PBXProject section */

/* Begin PBXResourcesBuildPhase section */
		7037D03F1B403AB400FA04C6 /* Resources */ = {
			isa = PBXResourcesBuildPhase;
			buildActionMask = 2147483647;
			files = (
			);
			runOnlyForDeploymentPostprocessing = 0;
		};
		7037D0491B403AB500FA04C6 /* Resources */ = {
			isa = PBXResourcesBuildPhase;
			buildActionMask = 2147483647;
			files = (
			);
			runOnlyForDeploymentPostprocessing = 0;
		};
/* End PBXResourcesBuildPhase section */

/* Begin PBXSourcesBuildPhase section */
		7037D03C1B403AB400FA04C6 /* Sources */ = {
			isa = PBXSourcesBuildPhase;
			buildActionMask = 2147483647;
			files = (
				7037D0851B403AC800FA04C6 /* ScanReduce.swift in Sources */,
				7037D06D1B403AC800FA04C6 /* ChunkWindowSplit.swift in Sources */,
				70F8A5971B7368380034C40C /* ContiguousDequeExtensions.swift in Sources */,
				7037D07D1B403AC800FA04C6 /* Interpose.swift in Sources */,
				70C80C311B727A7C00FB946B /* ContiguousList.swift in Sources */,
				70D515971B67D6F80093E3F5 /* Trie.swift in Sources */,
				7037D0871B403AC800FA04C6 /* TakeDrop.swift in Sources */,
				70D5159A1B67D8420093E3F5 /* ListExtensions.swift in Sources */,
				702D2ED31B604C62007BDC93 /* EmptyCollection.swift in Sources */,
				7037D0831B403AC800FA04C6 /* Permutations.swift in Sources */,
				7037D0791B403AC800FA04C6 /* GenericGenerators.swift in Sources */,
				70F8A5991B7369990034C40C /* ContiguousListExtensions.swift in Sources */,
				7037D0811B403AC800FA04C6 /* NestedSequences.swift in Sources */,
				7037D0891B403AC800FA04C6 /* Zip.swift in Sources */,
				70F8A5951B7365EF0034C40C /* ContiguousDeque.swift in Sources */,
				7037D0771B403AC800FA04C6 /* FlatMap.swift in Sources */,
				70D515A01B67D8640093E3F5 /* DequeExtensions.swift in Sources */,
				7037D07F1B403AC800FA04C6 /* LazySeq.swift in Sources */,
				7037D0751B403AC800FA04C6 /* Finding.swift in Sources */,
				7037D07B1B403AC800FA04C6 /* HopJump.swift in Sources */,
				70D515A31B67D8710093E3F5 /* TrieExtensions.swift in Sources */,
				7037D08D1B40437100FA04C6 /* Categorise.swift in Sources */,
				70D515911B67C71D0093E3F5 /* LazyList.swift in Sources */,
				7037D0711B403AC800FA04C6 /* Cycle.swift in Sources */,
				7037D0731B403AC800FA04C6 /* Enumerate.swift in Sources */,
				7037D06F1B403AC800FA04C6 /* Combinations.swift in Sources */,
				70D515941B67D0BA0093E3F5 /* Deque.swift in Sources */,
				70D5159D1B67D8560093E3F5 /* LazyListExtensions.swift in Sources */,
				70D5158E1B67B74E0093E3F5 /* List.swift in Sources */,
			);
			runOnlyForDeploymentPostprocessing = 0;
		};
		7037D0471B403AB500FA04C6 /* Sources */ = {
			isa = PBXSourcesBuildPhase;
			buildActionMask = 2147483647;
			files = (
				70F19A0E1B68C3EB0078CF11 /* CategoriseTests.swift in Sources */,
				70F8A5A31B73777B0034C40C /* ContiguousDequeSliceTests.swift in Sources */,
				70F19A101B68C43F0078CF11 /* EmptyCollectionTests.swift in Sources */,
				70F8A59D1B736A840034C40C /* ContiguousDequeExtensionsTests.swift in Sources */,
				70F8A59F1B736A940034C40C /* ContiguousListTests.swift in Sources */,
				70F19A2E1B68C6430078CF11 /* ZipTests.swift in Sources */,
				70F19A3E1B68C8620078CF11 /* TrieExtensionsTests.swift in Sources */,
				70F8A59B1B736A710034C40C /* ContiguousDequeTests.swift in Sources */,
				70F19A361B68C8090078CF11 /* LazyListExtensionsTests.swift in Sources */,
				70F19A181B68C51C0078CF11 /* EnumerateTests.swift in Sources */,
				70F19A201B68C5890078CF11 /* HopJumpTests.swift in Sources */,
				70F19A1A1B68C5320078CF11 /* FindingTests.swift in Sources */,
				70F19A281B68C6020078CF11 /* PermutationsTests.swift in Sources */,
				70F19A161B68C5080078CF11 /* CycleTests.swift in Sources */,
				70F19A321B68C7E00078CF11 /* ListExtensionsTests.swift in Sources */,
				70F19A1C1B68C5480078CF11 /* FlatMapTests.swift in Sources */,
				70F19A1E1B68C5630078CF11 /* GenericGeneratorsTests.swift in Sources */,
				70F8A5A11B736AA40034C40C /* ContiguousListExtensionsTests.swift in Sources */,
				70F19A221B68C5A30078CF11 /* InterposeTests.swift in Sources */,
				70F8A5A51B7383F00034C40C /* ContiguousListSliceTests.swift in Sources */,
				70F19A121B68C4660078CF11 /* ChunkWindowSplitTests.swift in Sources */,
				70F19A141B68C4910078CF11 /* CombinationsTests.swift in Sources */,
				70F19A381B68C81D0078CF11 /* DequeTests.swift in Sources */,
				70F19A3C1B68C8480078CF11 /* TrieTests.swift in Sources */,
				70F19A2A1B68C61C0078CF11 /* ScanReduceTests.swift in Sources */,
				70F19A341B68C7F30078CF11 /* LazyListTests.swift in Sources */,
				70F19A401B68DB3B0078CF11 /* ListTests.swift in Sources */,
				70F19A241B68C5C20078CF11 /* LazySeqTests.swift in Sources */,
				70F19A3A1B68C8340078CF11 /* DequeExtensionsTests.swift in Sources */,
				70F19A2C1B68C6300078CF11 /* TakeDropTests.swift in Sources */,
				70F19A261B68C5EC0078CF11 /* NestedSequencesTests.swift in Sources */,
			);
			runOnlyForDeploymentPostprocessing = 0;
		};
/* End PBXSourcesBuildPhase section */

/* Begin PBXTargetDependency section */
		7037D04E1B403AB500FA04C6 /* PBXTargetDependency */ = {
			isa = PBXTargetDependency;
			target = 7037D0401B403AB400FA04C6 /* SwiftSequence */;
			targetProxy = 7037D04D1B403AB500FA04C6 /* PBXContainerItemProxy */;
		};
/* End PBXTargetDependency section */

/* Begin XCBuildConfiguration section */
		7037D0531B403AB500FA04C6 /* Debug */ = {
			isa = XCBuildConfiguration;
			buildSettings = {
				ALWAYS_SEARCH_USER_PATHS = NO;
				CLANG_CXX_LANGUAGE_STANDARD = "gnu++0x";
				CLANG_CXX_LIBRARY = "libc++";
				CLANG_ENABLE_MODULES = YES;
				CLANG_ENABLE_OBJC_ARC = YES;
				CLANG_WARN_BOOL_CONVERSION = YES;
				CLANG_WARN_CONSTANT_CONVERSION = YES;
				CLANG_WARN_DIRECT_OBJC_ISA_USAGE = YES_ERROR;
				CLANG_WARN_EMPTY_BODY = YES;
				CLANG_WARN_ENUM_CONVERSION = YES;
				CLANG_WARN_INT_CONVERSION = YES;
				CLANG_WARN_OBJC_ROOT_CLASS = YES_ERROR;
				CLANG_WARN_UNREACHABLE_CODE = YES;
				CLANG_WARN__DUPLICATE_METHOD_MATCH = YES;
				COPY_PHASE_STRIP = NO;
				CURRENT_PROJECT_VERSION = 1;
				DEBUG_INFORMATION_FORMAT = dwarf;
				ENABLE_STRICT_OBJC_MSGSEND = YES;
				ENABLE_TESTABILITY = YES;
				GCC_C_LANGUAGE_STANDARD = gnu99;
				GCC_DYNAMIC_NO_PIC = NO;
				GCC_NO_COMMON_BLOCKS = YES;
				GCC_OPTIMIZATION_LEVEL = 0;
				GCC_PREPROCESSOR_DEFINITIONS = (
					"DEBUG=1",
					"$(inherited)",
				);
				GCC_WARN_64_TO_32_BIT_CONVERSION = YES;
				GCC_WARN_ABOUT_RETURN_TYPE = YES_ERROR;
				GCC_WARN_UNDECLARED_SELECTOR = YES;
				GCC_WARN_UNINITIALIZED_AUTOS = YES_AGGRESSIVE;
				GCC_WARN_UNUSED_FUNCTION = YES;
				GCC_WARN_UNUSED_VARIABLE = YES;
				MACOSX_DEPLOYMENT_TARGET = 10.10;
				MTL_ENABLE_DEBUG_INFO = YES;
				ONLY_ACTIVE_ARCH = YES;
				SDKROOT = macosx;
				SWIFT_OPTIMIZATION_LEVEL = "-Onone";
				VERSIONING_SYSTEM = "apple-generic";
				VERSION_INFO_PREFIX = "";
			};
			name = Debug;
		};
		7037D0541B403AB500FA04C6 /* Release */ = {
			isa = XCBuildConfiguration;
			buildSettings = {
				ALWAYS_SEARCH_USER_PATHS = NO;
				CLANG_CXX_LANGUAGE_STANDARD = "gnu++0x";
				CLANG_CXX_LIBRARY = "libc++";
				CLANG_ENABLE_MODULES = YES;
				CLANG_ENABLE_OBJC_ARC = YES;
				CLANG_WARN_BOOL_CONVERSION = YES;
				CLANG_WARN_CONSTANT_CONVERSION = YES;
				CLANG_WARN_DIRECT_OBJC_ISA_USAGE = YES_ERROR;
				CLANG_WARN_EMPTY_BODY = YES;
				CLANG_WARN_ENUM_CONVERSION = YES;
				CLANG_WARN_INT_CONVERSION = YES;
				CLANG_WARN_OBJC_ROOT_CLASS = YES_ERROR;
				CLANG_WARN_UNREACHABLE_CODE = YES;
				CLANG_WARN__DUPLICATE_METHOD_MATCH = YES;
				COPY_PHASE_STRIP = NO;
				CURRENT_PROJECT_VERSION = 1;
				DEBUG_INFORMATION_FORMAT = "dwarf-with-dsym";
				ENABLE_NS_ASSERTIONS = NO;
				ENABLE_STRICT_OBJC_MSGSEND = YES;
				GCC_C_LANGUAGE_STANDARD = gnu99;
				GCC_NO_COMMON_BLOCKS = YES;
				GCC_WARN_64_TO_32_BIT_CONVERSION = YES;
				GCC_WARN_ABOUT_RETURN_TYPE = YES_ERROR;
				GCC_WARN_UNDECLARED_SELECTOR = YES;
				GCC_WARN_UNINITIALIZED_AUTOS = YES_AGGRESSIVE;
				GCC_WARN_UNUSED_FUNCTION = YES;
				GCC_WARN_UNUSED_VARIABLE = YES;
				MACOSX_DEPLOYMENT_TARGET = 10.10;
				MTL_ENABLE_DEBUG_INFO = NO;
				SDKROOT = macosx;
				VERSIONING_SYSTEM = "apple-generic";
				VERSION_INFO_PREFIX = "";
			};
			name = Release;
		};
		7037D0561B403AB500FA04C6 /* Debug */ = {
			isa = XCBuildConfiguration;
			buildSettings = {
				APPLICATION_EXTENSION_API_ONLY = NO;
				CLANG_ENABLE_MODULES = YES;
				COMBINE_HIDPI_IMAGES = YES;
				DEFINES_MODULE = YES;
				DYLIB_COMPATIBILITY_VERSION = 1;
				DYLIB_CURRENT_VERSION = 1;
				DYLIB_INSTALL_NAME_BASE = "@rpath";
				ENABLE_TESTABILITY = YES;
				FRAMEWORK_VERSION = A;
				GCC_TREAT_IMPLICIT_FUNCTION_DECLARATIONS_AS_ERRORS = YES;
				GCC_UNROLL_LOOPS = YES;
				GCC_WARN_PEDANTIC = YES;
				INFOPLIST_FILE = SwiftSequence/Info.plist;
				INSTALL_PATH = "$(LOCAL_LIBRARY_DIR)/Frameworks";
				LD_RUNPATH_SEARCH_PATHS = "$(inherited) @executable_path/../Frameworks @loader_path/Frameworks";
				PRODUCT_BUNDLE_IDENTIFIER = donnacha.oisin.kidney.SwiftSequence;
				PRODUCT_NAME = "$(TARGET_NAME)";
				SKIP_INSTALL = YES;
				SUPPORTED_PLATFORMS = macosx;
				SWIFT_OPTIMIZATION_LEVEL = "-Onone";
				VALIDATE_PRODUCT = NO;
			};
			name = Debug;
		};
		7037D0571B403AB500FA04C6 /* Release */ = {
			isa = XCBuildConfiguration;
			buildSettings = {
				APPLICATION_EXTENSION_API_ONLY = NO;
				CLANG_ENABLE_MODULES = YES;
				COMBINE_HIDPI_IMAGES = YES;
				DEFINES_MODULE = YES;
				DYLIB_COMPATIBILITY_VERSION = 1;
				DYLIB_CURRENT_VERSION = 1;
				DYLIB_INSTALL_NAME_BASE = "@rpath";
				ENABLE_TESTABILITY = NO;
				FRAMEWORK_VERSION = A;
				GCC_OPTIMIZATION_LEVEL = fast;
				GCC_TREAT_IMPLICIT_FUNCTION_DECLARATIONS_AS_ERRORS = YES;
				GCC_UNROLL_LOOPS = YES;
				GCC_WARN_PEDANTIC = YES;
				INFOPLIST_FILE = SwiftSequence/Info.plist;
				INSTALL_PATH = "$(LOCAL_LIBRARY_DIR)/Frameworks";
				LD_RUNPATH_SEARCH_PATHS = "$(inherited) @executable_path/../Frameworks @loader_path/Frameworks";
				PRODUCT_BUNDLE_IDENTIFIER = donnacha.oisin.kidney.SwiftSequence;
				PRODUCT_NAME = "$(TARGET_NAME)";
				SKIP_INSTALL = YES;
				SUPPORTED_PLATFORMS = macosx;
				SWIFT_OPTIMIZATION_LEVEL = "-Owholemodule";
				VALIDATE_PRODUCT = NO;
			};
			name = Release;
		};
		7037D0591B403AB500FA04C6 /* Debug */ = {
			isa = XCBuildConfiguration;
			buildSettings = {
				COMBINE_HIDPI_IMAGES = YES;
				INFOPLIST_FILE = SwiftSequenceTests/Info.plist;
				LD_RUNPATH_SEARCH_PATHS = "$(inherited) @executable_path/../Frameworks @loader_path/../Frameworks";
				PRODUCT_BUNDLE_IDENTIFIER = donnacha.oisin.kidney.SwiftSequenceTests;
				PRODUCT_NAME = "$(TARGET_NAME)";
			};
			name = Debug;
		};
		7037D05A1B403AB500FA04C6 /* Release */ = {
			isa = XCBuildConfiguration;
			buildSettings = {
				COMBINE_HIDPI_IMAGES = YES;
				INFOPLIST_FILE = SwiftSequenceTests/Info.plist;
				LD_RUNPATH_SEARCH_PATHS = "$(inherited) @executable_path/../Frameworks @loader_path/../Frameworks";
				PRODUCT_BUNDLE_IDENTIFIER = donnacha.oisin.kidney.SwiftSequenceTests;
				PRODUCT_NAME = "$(TARGET_NAME)";
			};
			name = Release;
		};
/* End XCBuildConfiguration section */

/* Begin XCConfigurationList section */
		7037D03B1B403AB400FA04C6 /* Build configuration list for PBXProject "SwiftSequence" */ = {
			isa = XCConfigurationList;
			buildConfigurations = (
				7037D0531B403AB500FA04C6 /* Debug */,
				7037D0541B403AB500FA04C6 /* Release */,
			);
			defaultConfigurationIsVisible = 0;
			defaultConfigurationName = Release;
		};
		7037D0551B403AB500FA04C6 /* Build configuration list for PBXNativeTarget "SwiftSequence" */ = {
			isa = XCConfigurationList;
			buildConfigurations = (
				7037D0561B403AB500FA04C6 /* Debug */,
				7037D0571B403AB500FA04C6 /* Release */,
			);
			defaultConfigurationIsVisible = 0;
			defaultConfigurationName = Release;
		};
		7037D0581B403AB500FA04C6 /* Build configuration list for PBXNativeTarget "SwiftSequenceTests" */ = {
			isa = XCConfigurationList;
			buildConfigurations = (
				7037D0591B403AB500FA04C6 /* Debug */,
				7037D05A1B403AB500FA04C6 /* Release */,
			);
			defaultConfigurationIsVisible = 0;
			defaultConfigurationName = Release;
		};
/* End XCConfigurationList section */
	};
	rootObject = 7037D0381B403AB400FA04C6 /* Project object */;
}
