// !$*UTF8*$!
{
	archiveVersion = 1;
	classes = {
	};
	objectVersion = 46;
	objects = {

/* Begin PBXBuildFile section */
		0CA50B271C3AA0B900A09709 /* LazyPrefix.swift in Sources */ = {isa = PBXBuildFile; fileRef = 0CA50B261C3AA0B900A09709 /* LazyPrefix.swift */; };
		0CA50B291C3AA15800A09709 /* LazyPrefixTests.swift in Sources */ = {isa = PBXBuildFile; fileRef = 0CA50B281C3AA15800A09709 /* LazyPrefixTests.swift */; };
		70351DBE1C13C7A500781B3D /* Slicing.swift in Sources */ = {isa = PBXBuildFile; fileRef = 70351DBD1C13C7A500781B3D /* Slicing.swift */; };
		70351DC01C13CAC700781B3D /* HoppingTests.swift in Sources */ = {isa = PBXBuildFile; fileRef = 70351DBF1C13CAC700781B3D /* HoppingTests.swift */; };
		707F996E1C13B9EA00CE1A23 /* SwiftSequence.h in Headers */ = {isa = PBXBuildFile; fileRef = 707F996D1C13B9EA00CE1A23 /* SwiftSequence.h */; settings = {ATTRIBUTES = (Public, ); }; };
		707F99751C13B9EB00CE1A23 /* SwiftSequence.framework in Frameworks */ = {isa = PBXBuildFile; fileRef = 707F996A1C13B9EA00CE1A23 /* SwiftSequence.framework */; };
		707F99931C13BA1900CE1A23 /* Categorise.swift in Sources */ = {isa = PBXBuildFile; fileRef = 707F99841C13BA1900CE1A23 /* Categorise.swift */; };
		707F99941C13BA1900CE1A23 /* ChunkWindowSplit.swift in Sources */ = {isa = PBXBuildFile; fileRef = 707F99851C13BA1900CE1A23 /* ChunkWindowSplit.swift */; };
		707F99951C13BA1900CE1A23 /* Combinations.swift in Sources */ = {isa = PBXBuildFile; fileRef = 707F99861C13BA1900CE1A23 /* Combinations.swift */; };
		707F99961C13BA1900CE1A23 /* Cycle.swift in Sources */ = {isa = PBXBuildFile; fileRef = 707F99871C13BA1900CE1A23 /* Cycle.swift */; };
		707F99971C13BA1900CE1A23 /* Enumerate.swift in Sources */ = {isa = PBXBuildFile; fileRef = 707F99881C13BA1900CE1A23 /* Enumerate.swift */; };
		707F99981C13BA1900CE1A23 /* Finding.swift in Sources */ = {isa = PBXBuildFile; fileRef = 707F99891C13BA1900CE1A23 /* Finding.swift */; };
		707F999A1C13BA1900CE1A23 /* Hopping.swift in Sources */ = {isa = PBXBuildFile; fileRef = 707F998B1C13BA1900CE1A23 /* Hopping.swift */; };
		707F999B1C13BA1900CE1A23 /* Interpose.swift in Sources */ = {isa = PBXBuildFile; fileRef = 707F998C1C13BA1900CE1A23 /* Interpose.swift */; };
		707F999C1C13BA1900CE1A23 /* Iterate.swift in Sources */ = {isa = PBXBuildFile; fileRef = 707F998D1C13BA1900CE1A23 /* Iterate.swift */; };
		707F999D1C13BA1900CE1A23 /* NestedSequences.swift in Sources */ = {isa = PBXBuildFile; fileRef = 707F998E1C13BA1900CE1A23 /* NestedSequences.swift */; };
		707F999E1C13BA1900CE1A23 /* Permutations.swift in Sources */ = {isa = PBXBuildFile; fileRef = 707F998F1C13BA1900CE1A23 /* Permutations.swift */; };
		707F999F1C13BA1900CE1A23 /* ScanReduce.swift in Sources */ = {isa = PBXBuildFile; fileRef = 707F99901C13BA1900CE1A23 /* ScanReduce.swift */; };
		707F99A01C13BA1900CE1A23 /* TakeDrop.swift in Sources */ = {isa = PBXBuildFile; fileRef = 707F99911C13BA1900CE1A23 /* TakeDrop.swift */; };
		707F99A11C13BA1900CE1A23 /* Zip.swift in Sources */ = {isa = PBXBuildFile; fileRef = 707F99921C13BA1900CE1A23 /* Zip.swift */; };
		70CB76E81C13BFD9003A7461 /* CategoriseTests.swift in Sources */ = {isa = PBXBuildFile; fileRef = 70CB76C81C13BFC0003A7461 /* CategoriseTests.swift */; };
		70CB76E91C13BFD9003A7461 /* ChunkWindowSplitTests.swift in Sources */ = {isa = PBXBuildFile; fileRef = 70CB76C91C13BFC0003A7461 /* ChunkWindowSplitTests.swift */; };
		70CB76EA1C13BFD9003A7461 /* CombinationsTests.swift in Sources */ = {isa = PBXBuildFile; fileRef = 70CB76CA1C13BFC0003A7461 /* CombinationsTests.swift */; };
		70CB76EB1C13BFD9003A7461 /* CycleTests.swift in Sources */ = {isa = PBXBuildFile; fileRef = 70CB76CB1C13BFC0003A7461 /* CycleTests.swift */; };
		70CB76EC1C13BFD9003A7461 /* EnumerateTests.swift in Sources */ = {isa = PBXBuildFile; fileRef = 70CB76CC1C13BFC0003A7461 /* EnumerateTests.swift */; };
		70CB76ED1C13BFD9003A7461 /* FindingTests.swift in Sources */ = {isa = PBXBuildFile; fileRef = 70CB76CD1C13BFC0003A7461 /* FindingTests.swift */; };
		70CB76EF1C13BFD9003A7461 /* SlicingTests.swift in Sources */ = {isa = PBXBuildFile; fileRef = 70CB76CF1C13BFC0003A7461 /* SlicingTests.swift */; };
		70CB76F01C13BFD9003A7461 /* InterposeTests.swift in Sources */ = {isa = PBXBuildFile; fileRef = 70CB76D01C13BFC0003A7461 /* InterposeTests.swift */; };
		70CB76F11C13BFD9003A7461 /* LazySeqTests.swift in Sources */ = {isa = PBXBuildFile; fileRef = 70CB76D11C13BFC0003A7461 /* LazySeqTests.swift */; };
		70CB76F21C13BFD9003A7461 /* NestedSequencesTests.swift in Sources */ = {isa = PBXBuildFile; fileRef = 70CB76D21C13BFC0003A7461 /* NestedSequencesTests.swift */; };
		70CB76F31C13BFD9003A7461 /* PermutationsTests.swift in Sources */ = {isa = PBXBuildFile; fileRef = 70CB76D31C13BFC0003A7461 /* PermutationsTests.swift */; };
		70CB76F41C13BFD9003A7461 /* ScanReduceTests.swift in Sources */ = {isa = PBXBuildFile; fileRef = 70CB76D41C13BFC0003A7461 /* ScanReduceTests.swift */; };
		70CB76F51C13BFD9003A7461 /* TakeDropTests.swift in Sources */ = {isa = PBXBuildFile; fileRef = 70CB76D51C13BFC0003A7461 /* TakeDropTests.swift */; };
		70CB76F61C13BFD9003A7461 /* TestHelpers.swift in Sources */ = {isa = PBXBuildFile; fileRef = 70CB76D61C13BFC0003A7461 /* TestHelpers.swift */; };
		70CB76F71C13BFD9003A7461 /* ZipTests.swift in Sources */ = {isa = PBXBuildFile; fileRef = 70CB76D71C13BFC0003A7461 /* ZipTests.swift */; };
		70CB76FA1C13C03E003A7461 /* Info.plist in Resources */ = {isa = PBXBuildFile; fileRef = 707F997B1C13B9EB00CE1A23 /* Info.plist */; };
		BF92E1F01D11E63100FF4029 /* Project.xcconfig in Resources */ = {isa = PBXBuildFile; fileRef = BF92E1EF1D11E63100FF4029 /* Project.xcconfig */; };
/* End PBXBuildFile section */

/* Begin PBXContainerItemProxy section */
		707F99761C13B9EB00CE1A23 /* PBXContainerItemProxy */ = {
			isa = PBXContainerItemProxy;
			containerPortal = 707F99611C13B9EA00CE1A23 /* Project object */;
			proxyType = 1;
			remoteGlobalIDString = 707F99691C13B9EA00CE1A23;
			remoteInfo = SwiftSequence;
		};
/* End PBXContainerItemProxy section */

/* Begin PBXFileReference section */
		0CA50B261C3AA0B900A09709 /* LazyPrefix.swift */ = {isa = PBXFileReference; fileEncoding = 4; lastKnownFileType = sourcecode.swift; name = LazyPrefix.swift; path = Sources/LazyPrefix.swift; sourceTree = SOURCE_ROOT; };
		0CA50B281C3AA15800A09709 /* LazyPrefixTests.swift */ = {isa = PBXFileReference; fileEncoding = 4; lastKnownFileType = sourcecode.swift; path = LazyPrefixTests.swift; sourceTree = "<group>"; };
		70351DBD1C13C7A500781B3D /* Slicing.swift */ = {isa = PBXFileReference; fileEncoding = 4; lastKnownFileType = sourcecode.swift; name = Slicing.swift; path = Sources/Slicing.swift; sourceTree = SOURCE_ROOT; };
		70351DBF1C13CAC700781B3D /* HoppingTests.swift */ = {isa = PBXFileReference; fileEncoding = 4; lastKnownFileType = sourcecode.swift; path = HoppingTests.swift; sourceTree = "<group>"; };
		707F996A1C13B9EA00CE1A23 /* SwiftSequence.framework */ = {isa = PBXFileReference; explicitFileType = wrapper.framework; includeInIndex = 0; path = SwiftSequence.framework; sourceTree = BUILT_PRODUCTS_DIR; };
		707F996D1C13B9EA00CE1A23 /* SwiftSequence.h */ = {isa = PBXFileReference; lastKnownFileType = sourcecode.c.h; path = SwiftSequence.h; sourceTree = "<group>"; };
		707F996F1C13B9EA00CE1A23 /* Info.plist */ = {isa = PBXFileReference; lastKnownFileType = text.plist.xml; path = Info.plist; sourceTree = "<group>"; };
		707F99741C13B9EB00CE1A23 /* Tests.xctest */ = {isa = PBXFileReference; explicitFileType = wrapper.cfbundle; includeInIndex = 0; path = Tests.xctest; sourceTree = BUILT_PRODUCTS_DIR; };
		707F997B1C13B9EB00CE1A23 /* Info.plist */ = {isa = PBXFileReference; lastKnownFileType = text.plist.xml; path = Info.plist; sourceTree = "<group>"; };
		707F99841C13BA1900CE1A23 /* Categorise.swift */ = {isa = PBXFileReference; fileEncoding = 4; lastKnownFileType = sourcecode.swift; name = Categorise.swift; path = Sources/Categorise.swift; sourceTree = SOURCE_ROOT; };
		707F99851C13BA1900CE1A23 /* ChunkWindowSplit.swift */ = {isa = PBXFileReference; fileEncoding = 4; lastKnownFileType = sourcecode.swift; name = ChunkWindowSplit.swift; path = Sources/ChunkWindowSplit.swift; sourceTree = SOURCE_ROOT; };
		707F99861C13BA1900CE1A23 /* Combinations.swift */ = {isa = PBXFileReference; fileEncoding = 4; lastKnownFileType = sourcecode.swift; name = Combinations.swift; path = Sources/Combinations.swift; sourceTree = SOURCE_ROOT; };
		707F99871C13BA1900CE1A23 /* Cycle.swift */ = {isa = PBXFileReference; fileEncoding = 4; lastKnownFileType = sourcecode.swift; name = Cycle.swift; path = Sources/Cycle.swift; sourceTree = SOURCE_ROOT; };
		707F99881C13BA1900CE1A23 /* Enumerate.swift */ = {isa = PBXFileReference; fileEncoding = 4; lastKnownFileType = sourcecode.swift; name = Enumerate.swift; path = Sources/Enumerate.swift; sourceTree = SOURCE_ROOT; };
		707F99891C13BA1900CE1A23 /* Finding.swift */ = {isa = PBXFileReference; fileEncoding = 4; lastKnownFileType = sourcecode.swift; name = Finding.swift; path = Sources/Finding.swift; sourceTree = SOURCE_ROOT; };
		707F998B1C13BA1900CE1A23 /* Hopping.swift */ = {isa = PBXFileReference; fileEncoding = 4; lastKnownFileType = sourcecode.swift; name = Hopping.swift; path = Sources/Hopping.swift; sourceTree = SOURCE_ROOT; };
		707F998C1C13BA1900CE1A23 /* Interpose.swift */ = {isa = PBXFileReference; fileEncoding = 4; lastKnownFileType = sourcecode.swift; name = Interpose.swift; path = Sources/Interpose.swift; sourceTree = SOURCE_ROOT; };
		707F998D1C13BA1900CE1A23 /* Iterate.swift */ = {isa = PBXFileReference; fileEncoding = 4; lastKnownFileType = sourcecode.swift; name = Iterate.swift; path = Sources/Iterate.swift; sourceTree = SOURCE_ROOT; };
		707F998E1C13BA1900CE1A23 /* NestedSequences.swift */ = {isa = PBXFileReference; fileEncoding = 4; lastKnownFileType = sourcecode.swift; name = NestedSequences.swift; path = Sources/NestedSequences.swift; sourceTree = SOURCE_ROOT; };
		707F998F1C13BA1900CE1A23 /* Permutations.swift */ = {isa = PBXFileReference; fileEncoding = 4; lastKnownFileType = sourcecode.swift; name = Permutations.swift; path = Sources/Permutations.swift; sourceTree = SOURCE_ROOT; };
		707F99901C13BA1900CE1A23 /* ScanReduce.swift */ = {isa = PBXFileReference; fileEncoding = 4; lastKnownFileType = sourcecode.swift; name = ScanReduce.swift; path = Sources/ScanReduce.swift; sourceTree = SOURCE_ROOT; };
		707F99911C13BA1900CE1A23 /* TakeDrop.swift */ = {isa = PBXFileReference; fileEncoding = 4; lastKnownFileType = sourcecode.swift; name = TakeDrop.swift; path = Sources/TakeDrop.swift; sourceTree = SOURCE_ROOT; };
		707F99921C13BA1900CE1A23 /* Zip.swift */ = {isa = PBXFileReference; fileEncoding = 4; lastKnownFileType = sourcecode.swift; name = Zip.swift; path = Sources/Zip.swift; sourceTree = SOURCE_ROOT; };
		70CB76C81C13BFC0003A7461 /* CategoriseTests.swift */ = {isa = PBXFileReference; fileEncoding = 4; lastKnownFileType = sourcecode.swift; path = CategoriseTests.swift; sourceTree = "<group>"; };
		70CB76C91C13BFC0003A7461 /* ChunkWindowSplitTests.swift */ = {isa = PBXFileReference; fileEncoding = 4; lastKnownFileType = sourcecode.swift; path = ChunkWindowSplitTests.swift; sourceTree = "<group>"; };
		70CB76CA1C13BFC0003A7461 /* CombinationsTests.swift */ = {isa = PBXFileReference; fileEncoding = 4; lastKnownFileType = sourcecode.swift; path = CombinationsTests.swift; sourceTree = "<group>"; };
		70CB76CB1C13BFC0003A7461 /* CycleTests.swift */ = {isa = PBXFileReference; fileEncoding = 4; lastKnownFileType = sourcecode.swift; path = CycleTests.swift; sourceTree = "<group>"; };
		70CB76CC1C13BFC0003A7461 /* EnumerateTests.swift */ = {isa = PBXFileReference; fileEncoding = 4; lastKnownFileType = sourcecode.swift; path = EnumerateTests.swift; sourceTree = "<group>"; };
		70CB76CD1C13BFC0003A7461 /* FindingTests.swift */ = {isa = PBXFileReference; fileEncoding = 4; lastKnownFileType = sourcecode.swift; path = FindingTests.swift; sourceTree = "<group>"; };
		70CB76CF1C13BFC0003A7461 /* SlicingTests.swift */ = {isa = PBXFileReference; fileEncoding = 4; lastKnownFileType = sourcecode.swift; path = SlicingTests.swift; sourceTree = "<group>"; };
		70CB76D01C13BFC0003A7461 /* InterposeTests.swift */ = {isa = PBXFileReference; fileEncoding = 4; lastKnownFileType = sourcecode.swift; path = InterposeTests.swift; sourceTree = "<group>"; };
		70CB76D11C13BFC0003A7461 /* LazySeqTests.swift */ = {isa = PBXFileReference; fileEncoding = 4; lastKnownFileType = sourcecode.swift; path = LazySeqTests.swift; sourceTree = "<group>"; };
		70CB76D21C13BFC0003A7461 /* NestedSequencesTests.swift */ = {isa = PBXFileReference; fileEncoding = 4; lastKnownFileType = sourcecode.swift; path = NestedSequencesTests.swift; sourceTree = "<group>"; };
		70CB76D31C13BFC0003A7461 /* PermutationsTests.swift */ = {isa = PBXFileReference; fileEncoding = 4; lastKnownFileType = sourcecode.swift; path = PermutationsTests.swift; sourceTree = "<group>"; };
		70CB76D41C13BFC0003A7461 /* ScanReduceTests.swift */ = {isa = PBXFileReference; fileEncoding = 4; lastKnownFileType = sourcecode.swift; path = ScanReduceTests.swift; sourceTree = "<group>"; };
		70CB76D51C13BFC0003A7461 /* TakeDropTests.swift */ = {isa = PBXFileReference; fileEncoding = 4; lastKnownFileType = sourcecode.swift; path = TakeDropTests.swift; sourceTree = "<group>"; };
		70CB76D61C13BFC0003A7461 /* TestHelpers.swift */ = {isa = PBXFileReference; fileEncoding = 4; lastKnownFileType = sourcecode.swift; path = TestHelpers.swift; sourceTree = "<group>"; };
		70CB76D71C13BFC0003A7461 /* ZipTests.swift */ = {isa = PBXFileReference; fileEncoding = 4; lastKnownFileType = sourcecode.swift; path = ZipTests.swift; sourceTree = "<group>"; };
		BF92E1EF1D11E63100FF4029 /* Project.xcconfig */ = {isa = PBXFileReference; fileEncoding = 4; lastKnownFileType = text.xcconfig; path = Project.xcconfig; sourceTree = "<group>"; };
/* End PBXFileReference section */

/* Begin PBXFrameworksBuildPhase section */
		707F99661C13B9EA00CE1A23 /* Frameworks */ = {
			isa = PBXFrameworksBuildPhase;
			buildActionMask = 2147483647;
			files = (
			);
			runOnlyForDeploymentPostprocessing = 0;
		};
		707F99711C13B9EB00CE1A23 /* Frameworks */ = {
			isa = PBXFrameworksBuildPhase;
			buildActionMask = 2147483647;
			files = (
				707F99751C13B9EB00CE1A23 /* SwiftSequence.framework in Frameworks */,
			);
			runOnlyForDeploymentPostprocessing = 0;
		};
/* End PBXFrameworksBuildPhase section */

/* Begin PBXGroup section */
		707F99601C13B9EA00CE1A23 = {
			isa = PBXGroup;
			children = (
				BF92E1EE1D11E63100FF4029 /* Configs */,
				707F996C1C13B9EA00CE1A23 /* Sources */,
				707F99781C13B9EB00CE1A23 /* Tests */,
				707F996B1C13B9EA00CE1A23 /* Products */,
			);
			sourceTree = "<group>";
		};
		707F996B1C13B9EA00CE1A23 /* Products */ = {
			isa = PBXGroup;
			children = (
				707F996A1C13B9EA00CE1A23 /* SwiftSequence.framework */,
				707F99741C13B9EB00CE1A23 /* Tests.xctest */,
			);
			name = Products;
			sourceTree = "<group>";
		};
		707F996C1C13B9EA00CE1A23 /* Sources */ = {
			isa = PBXGroup;
			children = (
				707F99841C13BA1900CE1A23 /* Categorise.swift */,
				707F99851C13BA1900CE1A23 /* ChunkWindowSplit.swift */,
				707F99861C13BA1900CE1A23 /* Combinations.swift */,
				707F99871C13BA1900CE1A23 /* Cycle.swift */,
				707F99881C13BA1900CE1A23 /* Enumerate.swift */,
				707F99891C13BA1900CE1A23 /* Finding.swift */,
				707F998B1C13BA1900CE1A23 /* Hopping.swift */,
				707F998C1C13BA1900CE1A23 /* Interpose.swift */,
				707F998D1C13BA1900CE1A23 /* Iterate.swift */,
				0CA50B261C3AA0B900A09709 /* LazyPrefix.swift */,
				707F998E1C13BA1900CE1A23 /* NestedSequences.swift */,
				707F998F1C13BA1900CE1A23 /* Permutations.swift */,
				707F99901C13BA1900CE1A23 /* ScanReduce.swift */,
				70351DBD1C13C7A500781B3D /* Slicing.swift */,
				707F99911C13BA1900CE1A23 /* TakeDrop.swift */,
				707F99921C13BA1900CE1A23 /* Zip.swift */,
				707F996D1C13B9EA00CE1A23 /* SwiftSequence.h */,
				707F996F1C13B9EA00CE1A23 /* Info.plist */,
			);
			name = Sources;
			path = SwiftSequence;
			sourceTree = "<group>";
		};
		707F99781C13B9EB00CE1A23 /* Tests */ = {
			isa = PBXGroup;
			children = (
				70CB76C81C13BFC0003A7461 /* CategoriseTests.swift */,
				70CB76C91C13BFC0003A7461 /* ChunkWindowSplitTests.swift */,
				70CB76CA1C13BFC0003A7461 /* CombinationsTests.swift */,
				70CB76CB1C13BFC0003A7461 /* CycleTests.swift */,
				70CB76CC1C13BFC0003A7461 /* EnumerateTests.swift */,
				70CB76CD1C13BFC0003A7461 /* FindingTests.swift */,
				70CB76CF1C13BFC0003A7461 /* SlicingTests.swift */,
				70351DBF1C13CAC700781B3D /* HoppingTests.swift */,
				70CB76D01C13BFC0003A7461 /* InterposeTests.swift */,
				70CB76D11C13BFC0003A7461 /* LazySeqTests.swift */,
				0CA50B281C3AA15800A09709 /* LazyPrefixTests.swift */,
				70CB76D21C13BFC0003A7461 /* NestedSequencesTests.swift */,
				70CB76D31C13BFC0003A7461 /* PermutationsTests.swift */,
				70CB76D41C13BFC0003A7461 /* ScanReduceTests.swift */,
				70CB76D51C13BFC0003A7461 /* TakeDropTests.swift */,
				70CB76D61C13BFC0003A7461 /* TestHelpers.swift */,
				70CB76D71C13BFC0003A7461 /* ZipTests.swift */,
				707F997B1C13B9EB00CE1A23 /* Info.plist */,
			);
			path = Tests;
			sourceTree = "<group>";
		};
		BF92E1EE1D11E63100FF4029 /* Configs */ = {
			isa = PBXGroup;
			children = (
				BF92E1EF1D11E63100FF4029 /* Project.xcconfig */,
			);
			name = Configs;
			path = SwiftSequence.xcodeproj/Configs;
			sourceTree = "<group>";
		};
/* End PBXGroup section */

/* Begin PBXHeadersBuildPhase section */
		707F99671C13B9EA00CE1A23 /* Headers */ = {
			isa = PBXHeadersBuildPhase;
			buildActionMask = 2147483647;
			files = (
				707F996E1C13B9EA00CE1A23 /* SwiftSequence.h in Headers */,
			);
			runOnlyForDeploymentPostprocessing = 0;
		};
/* End PBXHeadersBuildPhase section */

/* Begin PBXNativeTarget section */
		707F99691C13B9EA00CE1A23 /* SwiftSequence */ = {
			isa = PBXNativeTarget;
			buildConfigurationList = 707F997E1C13B9EB00CE1A23 /* Build configuration list for PBXNativeTarget "SwiftSequence" */;
			buildPhases = (
				707F99651C13B9EA00CE1A23 /* Sources */,
				707F99661C13B9EA00CE1A23 /* Frameworks */,
				707F99671C13B9EA00CE1A23 /* Headers */,
				707F99681C13B9EA00CE1A23 /* Resources */,
			);
			buildRules = (
			);
			dependencies = (
			);
			name = SwiftSequence;
			productName = SwiftSequence;
			productReference = 707F996A1C13B9EA00CE1A23 /* SwiftSequence.framework */;
			productType = "com.apple.product-type.framework";
		};
		707F99731C13B9EB00CE1A23 /* Tests */ = {
			isa = PBXNativeTarget;
			buildConfigurationList = 707F99811C13B9EB00CE1A23 /* Build configuration list for PBXNativeTarget "Tests" */;
			buildPhases = (
				707F99701C13B9EB00CE1A23 /* Sources */,
				707F99711C13B9EB00CE1A23 /* Frameworks */,
				707F99721C13B9EB00CE1A23 /* Resources */,
			);
			buildRules = (
			);
			dependencies = (
				707F99771C13B9EB00CE1A23 /* PBXTargetDependency */,
			);
			name = Tests;
			productName = SwiftSequenceTests;
			productReference = 707F99741C13B9EB00CE1A23 /* Tests.xctest */;
			productType = "com.apple.product-type.bundle.unit-test";
		};
/* End PBXNativeTarget section */

/* Begin PBXProject section */
		707F99611C13B9EA00CE1A23 /* Project object */ = {
			isa = PBXProject;
			attributes = {
				LastSwiftUpdateCheck = 0720;
				LastUpgradeCheck = 0720;
				ORGANIZATIONNAME = "Donnacha Oisín Kidney";
				TargetAttributes = {
					707F99691C13B9EA00CE1A23 = {
						CreatedOnToolsVersion = 7.2;
					};
					707F99731C13B9EB00CE1A23 = {
						CreatedOnToolsVersion = 7.2;
					};
				};
			};
			buildConfigurationList = 707F99641C13B9EA00CE1A23 /* Build configuration list for PBXProject "SwiftSequence" */;
			compatibilityVersion = "Xcode 3.2";
			developmentRegion = English;
			hasScannedForEncodings = 0;
			knownRegions = (
				en,
			);
			mainGroup = 707F99601C13B9EA00CE1A23;
			productRefGroup = 707F996B1C13B9EA00CE1A23 /* Products */;
			projectDirPath = "";
			projectRoot = "";
			targets = (
				707F99691C13B9EA00CE1A23 /* SwiftSequence */,
				707F99731C13B9EB00CE1A23 /* Tests */,
			);
		};
/* End PBXProject section */

/* Begin PBXResourcesBuildPhase section */
		707F99681C13B9EA00CE1A23 /* Resources */ = {
			isa = PBXResourcesBuildPhase;
			buildActionMask = 2147483647;
			files = (
				BF92E1F01D11E63100FF4029 /* Project.xcconfig in Resources */,
			);
			runOnlyForDeploymentPostprocessing = 0;
		};
		707F99721C13B9EB00CE1A23 /* Resources */ = {
			isa = PBXResourcesBuildPhase;
			buildActionMask = 2147483647;
			files = (
				70CB76FA1C13C03E003A7461 /* Info.plist in Resources */,
			);
			runOnlyForDeploymentPostprocessing = 0;
		};
/* End PBXResourcesBuildPhase section */

/* Begin PBXSourcesBuildPhase section */
		707F99651C13B9EA00CE1A23 /* Sources */ = {
			isa = PBXSourcesBuildPhase;
			buildActionMask = 2147483647;
			files = (
				707F99941C13BA1900CE1A23 /* ChunkWindowSplit.swift in Sources */,
				70351DBE1C13C7A500781B3D /* Slicing.swift in Sources */,
				707F99A01C13BA1900CE1A23 /* TakeDrop.swift in Sources */,
				707F999C1C13BA1900CE1A23 /* Iterate.swift in Sources */,
				707F999B1C13BA1900CE1A23 /* Interpose.swift in Sources */,
				707F999D1C13BA1900CE1A23 /* NestedSequences.swift in Sources */,
				707F99981C13BA1900CE1A23 /* Finding.swift in Sources */,
				707F999A1C13BA1900CE1A23 /* Hopping.swift in Sources */,
				707F99A11C13BA1900CE1A23 /* Zip.swift in Sources */,
				707F99931C13BA1900CE1A23 /* Categorise.swift in Sources */,
				707F999E1C13BA1900CE1A23 /* Permutations.swift in Sources */,
				0CA50B271C3AA0B900A09709 /* LazyPrefix.swift in Sources */,
				707F99961C13BA1900CE1A23 /* Cycle.swift in Sources */,
				707F99971C13BA1900CE1A23 /* Enumerate.swift in Sources */,
				707F99951C13BA1900CE1A23 /* Combinations.swift in Sources */,
				707F999F1C13BA1900CE1A23 /* ScanReduce.swift in Sources */,
			);
			runOnlyForDeploymentPostprocessing = 0;
		};
		707F99701C13B9EB00CE1A23 /* Sources */ = {
			isa = PBXSourcesBuildPhase;
			buildActionMask = 2147483647;
			files = (
				70CB76F31C13BFD9003A7461 /* PermutationsTests.swift in Sources */,
				70CB76F21C13BFD9003A7461 /* NestedSequencesTests.swift in Sources */,
				70CB76E91C13BFD9003A7461 /* ChunkWindowSplitTests.swift in Sources */,
				70CB76ED1C13BFD9003A7461 /* FindingTests.swift in Sources */,
				70CB76EC1C13BFD9003A7461 /* EnumerateTests.swift in Sources */,
				70CB76F11C13BFD9003A7461 /* LazySeqTests.swift in Sources */,
				70CB76EF1C13BFD9003A7461 /* SlicingTests.swift in Sources */,
				0CA50B291C3AA15800A09709 /* LazyPrefixTests.swift in Sources */,
				70CB76F41C13BFD9003A7461 /* ScanReduceTests.swift in Sources */,
				70CB76E81C13BFD9003A7461 /* CategoriseTests.swift in Sources */,
				70CB76EB1C13BFD9003A7461 /* CycleTests.swift in Sources */,
				70CB76F61C13BFD9003A7461 /* TestHelpers.swift in Sources */,
				70CB76F51C13BFD9003A7461 /* TakeDropTests.swift in Sources */,
				70CB76F01C13BFD9003A7461 /* InterposeTests.swift in Sources */,
				70CB76EA1C13BFD9003A7461 /* CombinationsTests.swift in Sources */,
				70351DC01C13CAC700781B3D /* HoppingTests.swift in Sources */,
				70CB76F71C13BFD9003A7461 /* ZipTests.swift in Sources */,
			);
			runOnlyForDeploymentPostprocessing = 0;
		};
/* End PBXSourcesBuildPhase section */

/* Begin PBXTargetDependency section */
		707F99771C13B9EB00CE1A23 /* PBXTargetDependency */ = {
			isa = PBXTargetDependency;
			target = 707F99691C13B9EA00CE1A23 /* SwiftSequence */;
			targetProxy = 707F99761C13B9EB00CE1A23 /* PBXContainerItemProxy */;
		};
/* End PBXTargetDependency section */

/* Begin XCBuildConfiguration section */
		707F997C1C13B9EB00CE1A23 /* Debug */ = {
			isa = XCBuildConfiguration;
			baseConfigurationReference = BF92E1EF1D11E63100FF4029 /* Project.xcconfig */;
			buildSettings = {
				ALWAYS_SEARCH_USER_PATHS = NO;
				CLANG_CXX_LANGUAGE_STANDARD = "gnu++0x";
				CLANG_CXX_LIBRARY = "libc++";
				CLANG_ENABLE_MODULES = YES;
				CLANG_ENABLE_OBJC_ARC = YES;
				CLANG_WARN_BOOL_CONVERSION = YES;
				CLANG_WARN_CONSTANT_CONVERSION = YES;
				CLANG_WARN_DIRECT_OBJC_ISA_USAGE = YES_ERROR;
				CLANG_WARN_EMPTY_BODY = YES;
				CLANG_WARN_ENUM_CONVERSION = YES;
				CLANG_WARN_INT_CONVERSION = YES;
				CLANG_WARN_OBJC_ROOT_CLASS = YES_ERROR;
				CLANG_WARN_UNREACHABLE_CODE = YES;
				CLANG_WARN__DUPLICATE_METHOD_MATCH = YES;
				CODE_SIGN_IDENTITY = "-";
				COPY_PHASE_STRIP = NO;
				CURRENT_PROJECT_VERSION = 1;
				DEBUG_INFORMATION_FORMAT = dwarf;
				ENABLE_STRICT_OBJC_MSGSEND = YES;
				ENABLE_TESTABILITY = YES;
				GCC_C_LANGUAGE_STANDARD = gnu99;
				GCC_DYNAMIC_NO_PIC = NO;
				GCC_NO_COMMON_BLOCKS = YES;
				GCC_OPTIMIZATION_LEVEL = 0;
				GCC_PREPROCESSOR_DEFINITIONS = (
					"DEBUG=1",
					"$(inherited)",
				);
				GCC_WARN_64_TO_32_BIT_CONVERSION = YES;
				GCC_WARN_ABOUT_RETURN_TYPE = YES_ERROR;
				GCC_WARN_UNDECLARED_SELECTOR = YES;
				GCC_WARN_UNINITIALIZED_AUTOS = YES_AGGRESSIVE;
				GCC_WARN_UNUSED_FUNCTION = YES;
				GCC_WARN_UNUSED_VARIABLE = YES;
				MACOSX_DEPLOYMENT_TARGET = 10.11;
				MTL_ENABLE_DEBUG_INFO = YES;
				ONLY_ACTIVE_ARCH = YES;
				SDKROOT = macosx;
				SWIFT_OPTIMIZATION_LEVEL = "-Onone";
				VERSIONING_SYSTEM = "apple-generic";
				VERSION_INFO_PREFIX = "";
			};
			name = Debug;
		};
		707F997D1C13B9EB00CE1A23 /* Release */ = {
			isa = XCBuildConfiguration;
			baseConfigurationReference = BF92E1EF1D11E63100FF4029 /* Project.xcconfig */;
			buildSettings = {
				ALWAYS_SEARCH_USER_PATHS = NO;
				CLANG_CXX_LANGUAGE_STANDARD = "gnu++0x";
				CLANG_CXX_LIBRARY = "libc++";
				CLANG_ENABLE_MODULES = YES;
				CLANG_ENABLE_OBJC_ARC = YES;
				CLANG_WARN_BOOL_CONVERSION = YES;
				CLANG_WARN_CONSTANT_CONVERSION = YES;
				CLANG_WARN_DIRECT_OBJC_ISA_USAGE = YES_ERROR;
				CLANG_WARN_EMPTY_BODY = YES;
				CLANG_WARN_ENUM_CONVERSION = YES;
				CLANG_WARN_INT_CONVERSION = YES;
				CLANG_WARN_OBJC_ROOT_CLASS = YES_ERROR;
				CLANG_WARN_UNREACHABLE_CODE = YES;
				CLANG_WARN__DUPLICATE_METHOD_MATCH = YES;
				CODE_SIGN_IDENTITY = "-";
				COPY_PHASE_STRIP = NO;
				CURRENT_PROJECT_VERSION = 1;
				DEBUG_INFORMATION_FORMAT = "dwarf-with-dsym";
				ENABLE_NS_ASSERTIONS = NO;
				ENABLE_STRICT_OBJC_MSGSEND = YES;
				GCC_C_LANGUAGE_STANDARD = gnu99;
				GCC_NO_COMMON_BLOCKS = YES;
				GCC_WARN_64_TO_32_BIT_CONVERSION = YES;
				GCC_WARN_ABOUT_RETURN_TYPE = YES_ERROR;
				GCC_WARN_UNDECLARED_SELECTOR = YES;
				GCC_WARN_UNINITIALIZED_AUTOS = YES_AGGRESSIVE;
				GCC_WARN_UNUSED_FUNCTION = YES;
				GCC_WARN_UNUSED_VARIABLE = YES;
				MACOSX_DEPLOYMENT_TARGET = 10.11;
				MTL_ENABLE_DEBUG_INFO = NO;
				SDKROOT = macosx;
				VERSIONING_SYSTEM = "apple-generic";
				VERSION_INFO_PREFIX = "";
			};
			name = Release;
		};
		707F997F1C13B9EB00CE1A23 /* Debug */ = {
			isa = XCBuildConfiguration;
			buildSettings = {
				CLANG_ENABLE_MODULES = YES;
				COMBINE_HIDPI_IMAGES = YES;
				DEFINES_MODULE = YES;
				DYLIB_COMPATIBILITY_VERSION = 1;
				DYLIB_CURRENT_VERSION = 1;
				DYLIB_INSTALL_NAME_BASE = "@rpath";
				FRAMEWORK_VERSION = A;
				INFOPLIST_FILE = SwiftSequence/Info.plist;
				INSTALL_PATH = "$(LOCAL_LIBRARY_DIR)/Frameworks";
				LD_RUNPATH_SEARCH_PATHS = "$(inherited) @executable_path/../Frameworks @loader_path/Frameworks";
				PRODUCT_BUNDLE_IDENTIFIER = donnacha.oisin.kidney.SwiftSequence;
				PRODUCT_NAME = "$(TARGET_NAME)";
				SKIP_INSTALL = YES;
				SWIFT_OPTIMIZATION_LEVEL = "-Onone";
			};
			name = Debug;
		};
		707F99801C13B9EB00CE1A23 /* Release */ = {
			isa = XCBuildConfiguration;
			buildSettings = {
				CLANG_ENABLE_MODULES = YES;
				COMBINE_HIDPI_IMAGES = YES;
				DEFINES_MODULE = YES;
				DYLIB_COMPATIBILITY_VERSION = 1;
				DYLIB_CURRENT_VERSION = 1;
				DYLIB_INSTALL_NAME_BASE = "@rpath";
				FRAMEWORK_VERSION = A;
				INFOPLIST_FILE = SwiftSequence/Info.plist;
				INSTALL_PATH = "$(LOCAL_LIBRARY_DIR)/Frameworks";
				LD_RUNPATH_SEARCH_PATHS = "$(inherited) @executable_path/../Frameworks @loader_path/Frameworks";
				PRODUCT_BUNDLE_IDENTIFIER = donnacha.oisin.kidney.SwiftSequence;
				PRODUCT_NAME = "$(TARGET_NAME)";
				SKIP_INSTALL = YES;
			};
			name = Release;
		};
		707F99821C13B9EB00CE1A23 /* Debug */ = {
			isa = XCBuildConfiguration;
			buildSettings = {
				COMBINE_HIDPI_IMAGES = YES;
				LD_RUNPATH_SEARCH_PATHS = "$(inherited) @executable_path/../Frameworks @loader_path/../Frameworks";
				PRODUCT_BUNDLE_IDENTIFIER = donnacha.oisin.kidney.SwiftSequenceTests;
				PRODUCT_NAME = "$(TARGET_NAME)";
			};
			name = Debug;
		};
		707F99831C13B9EB00CE1A23 /* Release */ = {
			isa = XCBuildConfiguration;
			buildSettings = {
				COMBINE_HIDPI_IMAGES = YES;
				LD_RUNPATH_SEARCH_PATHS = "$(inherited) @executable_path/../Frameworks @loader_path/../Frameworks";
				PRODUCT_BUNDLE_IDENTIFIER = donnacha.oisin.kidney.SwiftSequenceTests;
				PRODUCT_NAME = "$(TARGET_NAME)";
			};
			name = Release;
		};
/* End XCBuildConfiguration section */

/* Begin XCConfigurationList section */
		707F99641C13B9EA00CE1A23 /* Build configuration list for PBXProject "SwiftSequence" */ = {
			isa = XCConfigurationList;
			buildConfigurations = (
				707F997C1C13B9EB00CE1A23 /* Debug */,
				707F997D1C13B9EB00CE1A23 /* Release */,
			);
			defaultConfigurationIsVisible = 0;
			defaultConfigurationName = Release;
		};
		707F997E1C13B9EB00CE1A23 /* Build configuration list for PBXNativeTarget "SwiftSequence" */ = {
			isa = XCConfigurationList;
			buildConfigurations = (
				707F997F1C13B9EB00CE1A23 /* Debug */,
				707F99801C13B9EB00CE1A23 /* Release */,
			);
			defaultConfigurationIsVisible = 0;
			defaultConfigurationName = Release;
		};
		707F99811C13B9EB00CE1A23 /* Build configuration list for PBXNativeTarget "Tests" */ = {
			isa = XCConfigurationList;
			buildConfigurations = (
				707F99821C13B9EB00CE1A23 /* Debug */,
				707F99831C13B9EB00CE1A23 /* Release */,
			);
			defaultConfigurationIsVisible = 0;
			defaultConfigurationName = Release;
		};
/* End XCConfigurationList section */
	};
	rootObject = 707F99611C13B9EA00CE1A23 /* Project object */;
}
